// !$*UTF8*$!
{
	archiveVersion = 1;
	classes = {
	};
	objectVersion = 46;
	objects = {

/* Begin PBXBuildFile section */
<<<<<<< HEAD
		703D8BA418180F3F004432CF /* Foundation.framework in Frameworks */ = {isa = PBXBuildFile; fileRef = 703D8BA318180F3F004432CF /* Foundation.framework */; };
		703D8BA618180F3F004432CF /* CoreGraphics.framework in Frameworks */ = {isa = PBXBuildFile; fileRef = 703D8BA518180F3F004432CF /* CoreGraphics.framework */; };
		703D8BA818180F3F004432CF /* UIKit.framework in Frameworks */ = {isa = PBXBuildFile; fileRef = 703D8BA718180F3F004432CF /* UIKit.framework */; };
		703D8BAE18180F3F004432CF /* InfoPlist.strings in Resources */ = {isa = PBXBuildFile; fileRef = 703D8BAC18180F3F004432CF /* InfoPlist.strings */; };
		703D8BB018180F3F004432CF /* main.m in Sources */ = {isa = PBXBuildFile; fileRef = 703D8BAF18180F3F004432CF /* main.m */; };
		703D8BB418180F3F004432CF /* AppDelegate.m in Sources */ = {isa = PBXBuildFile; fileRef = 703D8BB318180F3F004432CF /* AppDelegate.m */; };
		703D8BB718180F3F004432CF /* Main.storyboard in Resources */ = {isa = PBXBuildFile; fileRef = 703D8BB518180F3F004432CF /* Main.storyboard */; };
		703D8BBA18180F3F004432CF /* FirstViewController.m in Sources */ = {isa = PBXBuildFile; fileRef = 703D8BB918180F3F004432CF /* FirstViewController.m */; };
		703D8BBD18180F3F004432CF /* SecondViewController.m in Sources */ = {isa = PBXBuildFile; fileRef = 703D8BBC18180F3F004432CF /* SecondViewController.m */; };
		703D8BBF18180F3F004432CF /* Images.xcassets in Resources */ = {isa = PBXBuildFile; fileRef = 703D8BBE18180F3F004432CF /* Images.xcassets */; };
		703D8BC618180F40004432CF /* XCTest.framework in Frameworks */ = {isa = PBXBuildFile; fileRef = 703D8BC518180F40004432CF /* XCTest.framework */; };
		703D8BC718180F40004432CF /* Foundation.framework in Frameworks */ = {isa = PBXBuildFile; fileRef = 703D8BA318180F3F004432CF /* Foundation.framework */; };
		703D8BC818180F40004432CF /* UIKit.framework in Frameworks */ = {isa = PBXBuildFile; fileRef = 703D8BA718180F3F004432CF /* UIKit.framework */; };
		703D8BD018180F40004432CF /* InfoPlist.strings in Resources */ = {isa = PBXBuildFile; fileRef = 703D8BCE18180F40004432CF /* InfoPlist.strings */; };
		703D8BD218180F40004432CF /* PXLateTests.m in Sources */ = {isa = PBXBuildFile; fileRef = 703D8BD118180F40004432CF /* PXLateTests.m */; };
/* End PBXBuildFile section */

/* Begin PBXContainerItemProxy section */
		703D8BC918180F40004432CF /* PBXContainerItemProxy */ = {
			isa = PBXContainerItemProxy;
			containerPortal = 703D8B9818180F3E004432CF /* Project object */;
			proxyType = 1;
			remoteGlobalIDString = 703D8B9F18180F3E004432CF;
			remoteInfo = PXLate;
		};
/* End PBXContainerItemProxy section */

/* Begin PBXFileReference section */
		703D8BA018180F3F004432CF /* PXLate.app */ = {isa = PBXFileReference; explicitFileType = wrapper.application; includeInIndex = 0; path = PXLate.app; sourceTree = BUILT_PRODUCTS_DIR; };
		703D8BA318180F3F004432CF /* Foundation.framework */ = {isa = PBXFileReference; lastKnownFileType = wrapper.framework; name = Foundation.framework; path = System/Library/Frameworks/Foundation.framework; sourceTree = SDKROOT; };
		703D8BA518180F3F004432CF /* CoreGraphics.framework */ = {isa = PBXFileReference; lastKnownFileType = wrapper.framework; name = CoreGraphics.framework; path = System/Library/Frameworks/CoreGraphics.framework; sourceTree = SDKROOT; };
		703D8BA718180F3F004432CF /* UIKit.framework */ = {isa = PBXFileReference; lastKnownFileType = wrapper.framework; name = UIKit.framework; path = System/Library/Frameworks/UIKit.framework; sourceTree = SDKROOT; };
		703D8BAB18180F3F004432CF /* PXLate-Info.plist */ = {isa = PBXFileReference; lastKnownFileType = text.plist.xml; path = "PXLate-Info.plist"; sourceTree = "<group>"; };
		703D8BAD18180F3F004432CF /* en */ = {isa = PBXFileReference; lastKnownFileType = text.plist.strings; name = en; path = en.lproj/InfoPlist.strings; sourceTree = "<group>"; };
		703D8BAF18180F3F004432CF /* main.m */ = {isa = PBXFileReference; lastKnownFileType = sourcecode.c.objc; path = main.m; sourceTree = "<group>"; };
		703D8BB118180F3F004432CF /* PXLate-Prefix.pch */ = {isa = PBXFileReference; lastKnownFileType = sourcecode.c.h; path = "PXLate-Prefix.pch"; sourceTree = "<group>"; };
		703D8BB218180F3F004432CF /* AppDelegate.h */ = {isa = PBXFileReference; lastKnownFileType = sourcecode.c.h; path = AppDelegate.h; sourceTree = "<group>"; };
		703D8BB318180F3F004432CF /* AppDelegate.m */ = {isa = PBXFileReference; lastKnownFileType = sourcecode.c.objc; path = AppDelegate.m; sourceTree = "<group>"; };
		703D8BB618180F3F004432CF /* Base */ = {isa = PBXFileReference; lastKnownFileType = file.storyboard; name = Base; path = Base.lproj/Main.storyboard; sourceTree = "<group>"; };
		703D8BB818180F3F004432CF /* FirstViewController.h */ = {isa = PBXFileReference; lastKnownFileType = sourcecode.c.h; path = FirstViewController.h; sourceTree = "<group>"; };
		703D8BB918180F3F004432CF /* FirstViewController.m */ = {isa = PBXFileReference; lastKnownFileType = sourcecode.c.objc; path = FirstViewController.m; sourceTree = "<group>"; };
		703D8BBB18180F3F004432CF /* SecondViewController.h */ = {isa = PBXFileReference; lastKnownFileType = sourcecode.c.h; path = SecondViewController.h; sourceTree = "<group>"; };
		703D8BBC18180F3F004432CF /* SecondViewController.m */ = {isa = PBXFileReference; lastKnownFileType = sourcecode.c.objc; path = SecondViewController.m; sourceTree = "<group>"; };
		703D8BBE18180F3F004432CF /* Images.xcassets */ = {isa = PBXFileReference; lastKnownFileType = folder.assetcatalog; path = Images.xcassets; sourceTree = "<group>"; };
		703D8BC418180F40004432CF /* PXLateTests.xctest */ = {isa = PBXFileReference; explicitFileType = wrapper.cfbundle; includeInIndex = 0; path = PXLateTests.xctest; sourceTree = BUILT_PRODUCTS_DIR; };
		703D8BC518180F40004432CF /* XCTest.framework */ = {isa = PBXFileReference; lastKnownFileType = wrapper.framework; name = XCTest.framework; path = Library/Frameworks/XCTest.framework; sourceTree = DEVELOPER_DIR; };
		703D8BCD18180F40004432CF /* PXLateTests-Info.plist */ = {isa = PBXFileReference; lastKnownFileType = text.plist.xml; path = "PXLateTests-Info.plist"; sourceTree = "<group>"; };
		703D8BCF18180F40004432CF /* en */ = {isa = PBXFileReference; lastKnownFileType = text.plist.strings; name = en; path = en.lproj/InfoPlist.strings; sourceTree = "<group>"; };
		703D8BD118180F40004432CF /* PXLateTests.m */ = {isa = PBXFileReference; lastKnownFileType = sourcecode.c.objc; path = PXLateTests.m; sourceTree = "<group>"; };
/* End PBXFileReference section */

/* Begin PBXFrameworksBuildPhase section */
		703D8B9D18180F3E004432CF /* Frameworks */ = {
			isa = PBXFrameworksBuildPhase;
			buildActionMask = 2147483647;
			files = (
				703D8BA618180F3F004432CF /* CoreGraphics.framework in Frameworks */,
				703D8BA818180F3F004432CF /* UIKit.framework in Frameworks */,
				703D8BA418180F3F004432CF /* Foundation.framework in Frameworks */,
			);
			runOnlyForDeploymentPostprocessing = 0;
		};
		703D8BC118180F40004432CF /* Frameworks */ = {
			isa = PBXFrameworksBuildPhase;
			buildActionMask = 2147483647;
			files = (
				703D8BC618180F40004432CF /* XCTest.framework in Frameworks */,
				703D8BC818180F40004432CF /* UIKit.framework in Frameworks */,
				703D8BC718180F40004432CF /* Foundation.framework in Frameworks */,
=======
		27D6B7CE181E9D340001C6FE /* Foundation.framework in Frameworks */ = {isa = PBXBuildFile; fileRef = 27D6B7CD181E9D340001C6FE /* Foundation.framework */; };
		27D6B7D0181E9D340001C6FE /* CoreGraphics.framework in Frameworks */ = {isa = PBXBuildFile; fileRef = 27D6B7CF181E9D340001C6FE /* CoreGraphics.framework */; };
		27D6B7D2181E9D340001C6FE /* UIKit.framework in Frameworks */ = {isa = PBXBuildFile; fileRef = 27D6B7D1181E9D340001C6FE /* UIKit.framework */; };
		27D6B7D8181E9D350001C6FE /* InfoPlist.strings in Resources */ = {isa = PBXBuildFile; fileRef = 27D6B7D6181E9D350001C6FE /* InfoPlist.strings */; };
		27D6B7DA181E9D350001C6FE /* main.m in Sources */ = {isa = PBXBuildFile; fileRef = 27D6B7D9181E9D350001C6FE /* main.m */; };
		27D6B7DE181E9D350001C6FE /* AppDelegate.m in Sources */ = {isa = PBXBuildFile; fileRef = 27D6B7DD181E9D350001C6FE /* AppDelegate.m */; };
		27D6B7E1181E9D350001C6FE /* Main.storyboard in Resources */ = {isa = PBXBuildFile; fileRef = 27D6B7DF181E9D350001C6FE /* Main.storyboard */; };
		27D6B7E4181E9D350001C6FE /* ViewController.m in Sources */ = {isa = PBXBuildFile; fileRef = 27D6B7E3181E9D350001C6FE /* ViewController.m */; };
		27D6B7E6181E9D350001C6FE /* Images.xcassets in Resources */ = {isa = PBXBuildFile; fileRef = 27D6B7E5181E9D350001C6FE /* Images.xcassets */; };
		27D6B7ED181E9D350001C6FE /* XCTest.framework in Frameworks */ = {isa = PBXBuildFile; fileRef = 27D6B7EC181E9D350001C6FE /* XCTest.framework */; };
		27D6B7EE181E9D350001C6FE /* Foundation.framework in Frameworks */ = {isa = PBXBuildFile; fileRef = 27D6B7CD181E9D340001C6FE /* Foundation.framework */; };
		27D6B7EF181E9D350001C6FE /* UIKit.framework in Frameworks */ = {isa = PBXBuildFile; fileRef = 27D6B7D1181E9D340001C6FE /* UIKit.framework */; };
		27D6B7F7181E9D350001C6FE /* InfoPlist.strings in Resources */ = {isa = PBXBuildFile; fileRef = 27D6B7F5181E9D350001C6FE /* InfoPlist.strings */; };
		27D6B7F9181E9D350001C6FE /* PXLateTests.m in Sources */ = {isa = PBXBuildFile; fileRef = 27D6B7F8181E9D350001C6FE /* PXLateTests.m */; };
		27D6B894181EA7580001C6FE /* DataTests.m in Sources */ = {isa = PBXBuildFile; fileRef = 27D6B804181EA7580001C6FE /* DataTests.m */; };
		27D6B895181EA7580001C6FE /* LogicTests-Info.plist in Resources */ = {isa = PBXBuildFile; fileRef = 27D6B805181EA7580001C6FE /* LogicTests-Info.plist */; };
		27D6B896181EA7580001C6FE /* NSArray+TKCategory.m in Sources */ = {isa = PBXBuildFile; fileRef = 27D6B808181EA7580001C6FE /* NSArray+TKCategory.m */; };
		27D6B897181EA7580001C6FE /* NSDate+CalendarGrid.m in Sources */ = {isa = PBXBuildFile; fileRef = 27D6B80A181EA7580001C6FE /* NSDate+CalendarGrid.m */; };
		27D6B898181EA7580001C6FE /* NSDate+TKCategory.m in Sources */ = {isa = PBXBuildFile; fileRef = 27D6B80C181EA7580001C6FE /* NSDate+TKCategory.m */; };
		27D6B899181EA7580001C6FE /* NSMutableArray+TKCategory.m in Sources */ = {isa = PBXBuildFile; fileRef = 27D6B80E181EA7580001C6FE /* NSMutableArray+TKCategory.m */; };
		27D6B89A181EA7580001C6FE /* NSObject+TKCategory.m in Sources */ = {isa = PBXBuildFile; fileRef = 27D6B810181EA7580001C6FE /* NSObject+TKCategory.m */; };
		27D6B89B181EA7580001C6FE /* NSString+TKCategory.m in Sources */ = {isa = PBXBuildFile; fileRef = 27D6B812181EA7580001C6FE /* NSString+TKCategory.m */; };
		27D6B89C181EA7580001C6FE /* TKAlertCenter.m in Sources */ = {isa = PBXBuildFile; fileRef = 27D6B815181EA7580001C6FE /* TKAlertCenter.m */; };
		27D6B89D181EA7580001C6FE /* TKAppDelegate.m in Sources */ = {isa = PBXBuildFile; fileRef = 27D6B817181EA7580001C6FE /* TKAppDelegate.m */; };
		27D6B89E181EA7580001C6FE /* TKButtonCell.m in Sources */ = {isa = PBXBuildFile; fileRef = 27D6B819181EA7580001C6FE /* TKButtonCell.m */; };
		27D6B89F181EA7580001C6FE /* TKCalendarDayEventView.m in Sources */ = {isa = PBXBuildFile; fileRef = 27D6B81B181EA7580001C6FE /* TKCalendarDayEventView.m */; };
		27D6B8A0181EA7580001C6FE /* TKCalendarDayView.m in Sources */ = {isa = PBXBuildFile; fileRef = 27D6B81D181EA7580001C6FE /* TKCalendarDayView.m */; };
		27D6B8A1181EA7580001C6FE /* TKCalendarDayViewController.m in Sources */ = {isa = PBXBuildFile; fileRef = 27D6B81F181EA7580001C6FE /* TKCalendarDayViewController.m */; };
		27D6B8A2181EA7580001C6FE /* TKCalendarMonthTableViewController.m in Sources */ = {isa = PBXBuildFile; fileRef = 27D6B821181EA7580001C6FE /* TKCalendarMonthTableViewController.m */; };
		27D6B8A3181EA7580001C6FE /* TKCalendarMonthView.m in Sources */ = {isa = PBXBuildFile; fileRef = 27D6B823181EA7580001C6FE /* TKCalendarMonthView.m */; };
		27D6B8A4181EA7580001C6FE /* TKCalendarMonthViewController.m in Sources */ = {isa = PBXBuildFile; fileRef = 27D6B825181EA7580001C6FE /* TKCalendarMonthViewController.m */; };
		27D6B8A5181EA7580001C6FE /* TKCoverflowView.m in Sources */ = {isa = PBXBuildFile; fileRef = 27D6B827181EA7580001C6FE /* TKCoverflowView.m */; };
		27D6B8A6181EA7580001C6FE /* TKEmptyView.m in Sources */ = {isa = PBXBuildFile; fileRef = 27D6B829181EA7580001C6FE /* TKEmptyView.m */; };
		27D6B8A7181EA7580001C6FE /* TKGlobal.m in Sources */ = {isa = PBXBuildFile; fileRef = 27D6B82B181EA7580001C6FE /* TKGlobal.m */; };
		27D6B8A8181EA7580001C6FE /* TKGlowButton.m in Sources */ = {isa = PBXBuildFile; fileRef = 27D6B82D181EA7580001C6FE /* TKGlowButton.m */; };
		27D6B8A9181EA7580001C6FE /* TKGradientView.m in Sources */ = {isa = PBXBuildFile; fileRef = 27D6B82F181EA7580001C6FE /* TKGradientView.m */; };
		27D6B8AA181EA7580001C6FE /* TKHTTPRequest.m in Sources */ = {isa = PBXBuildFile; fileRef = 27D6B831181EA7580001C6FE /* TKHTTPRequest.m */; };
		27D6B8AB181EA7580001C6FE /* TKImageCache.m in Sources */ = {isa = PBXBuildFile; fileRef = 27D6B833181EA7580001C6FE /* TKImageCache.m */; };
		27D6B8AC181EA7580001C6FE /* TKKeyboardTableViewController.m in Sources */ = {isa = PBXBuildFile; fileRef = 27D6B835181EA7580001C6FE /* TKKeyboardTableViewController.m */; };
		27D6B8AD181EA7580001C6FE /* TKLabelCell.m in Sources */ = {isa = PBXBuildFile; fileRef = 27D6B837181EA7580001C6FE /* TKLabelCell.m */; };
		27D6B8AE181EA7580001C6FE /* TKLabelFieldCell.m in Sources */ = {isa = PBXBuildFile; fileRef = 27D6B839181EA7580001C6FE /* TKLabelFieldCell.m */; };
		27D6B8AF181EA7580001C6FE /* TKLabelSwitchCell.m in Sources */ = {isa = PBXBuildFile; fileRef = 27D6B83B181EA7580001C6FE /* TKLabelSwitchCell.m */; };
		27D6B8B0181EA7580001C6FE /* TKLabelTextFieldCell.m in Sources */ = {isa = PBXBuildFile; fileRef = 27D6B83D181EA7580001C6FE /* TKLabelTextFieldCell.m */; };
		27D6B8B1181EA7580001C6FE /* TKLabelTextViewCell.m in Sources */ = {isa = PBXBuildFile; fileRef = 27D6B83F181EA7580001C6FE /* TKLabelTextViewCell.m */; };
		27D6B8B2181EA7580001C6FE /* TKLoadingView.m in Sources */ = {isa = PBXBuildFile; fileRef = 27D6B841181EA7580001C6FE /* TKLoadingView.m */; };
		27D6B8B3181EA7580001C6FE /* TKNetworkQueue.m in Sources */ = {isa = PBXBuildFile; fileRef = 27D6B843181EA7580001C6FE /* TKNetworkQueue.m */; };
		27D6B8B4181EA7580001C6FE /* TKProgressAlertView.m in Sources */ = {isa = PBXBuildFile; fileRef = 27D6B845181EA7580001C6FE /* TKProgressAlertView.m */; };
		27D6B8B5181EA7580001C6FE /* TKProgressBarView.m in Sources */ = {isa = PBXBuildFile; fileRef = 27D6B847181EA7580001C6FE /* TKProgressBarView.m */; };
		27D6B8B6181EA7580001C6FE /* TKProgressCircleView.m in Sources */ = {isa = PBXBuildFile; fileRef = 27D6B849181EA7580001C6FE /* TKProgressCircleView.m */; };
		27D6B8B7181EA7580001C6FE /* TKReorderTableView.m in Sources */ = {isa = PBXBuildFile; fileRef = 27D6B84B181EA7580001C6FE /* TKReorderTableView.m */; };
		27D6B8B8181EA7580001C6FE /* TKRetroButton.m in Sources */ = {isa = PBXBuildFile; fileRef = 27D6B84D181EA7580001C6FE /* TKRetroButton.m */; };
		27D6B8B9181EA7580001C6FE /* TKShapeView.m in Sources */ = {isa = PBXBuildFile; fileRef = 27D6B84F181EA7580001C6FE /* TKShapeView.m */; };
		27D6B8BA181EA7580001C6FE /* TKShimmerLabel.m in Sources */ = {isa = PBXBuildFile; fileRef = 27D6B851181EA7580001C6FE /* TKShimmerLabel.m */; };
		27D6B8BB181EA7580001C6FE /* TKSlideToUnlockView.m in Sources */ = {isa = PBXBuildFile; fileRef = 27D6B853181EA7580001C6FE /* TKSlideToUnlockView.m */; };
		27D6B8BC181EA7580001C6FE /* TKSwitchCell.m in Sources */ = {isa = PBXBuildFile; fileRef = 27D6B855181EA7580001C6FE /* TKSwitchCell.m */; };
		27D6B8BD181EA7580001C6FE /* TKTableViewCell.m in Sources */ = {isa = PBXBuildFile; fileRef = 27D6B857181EA7580001C6FE /* TKTableViewCell.m */; };
		27D6B8BE181EA7580001C6FE /* TKTableViewController.m in Sources */ = {isa = PBXBuildFile; fileRef = 27D6B859181EA7580001C6FE /* TKTableViewController.m */; };
		27D6B8BF181EA7580001C6FE /* TKTextFieldCell.m in Sources */ = {isa = PBXBuildFile; fileRef = 27D6B85B181EA7580001C6FE /* TKTextFieldCell.m */; };
		27D6B8C0181EA7580001C6FE /* TKTextView.m in Sources */ = {isa = PBXBuildFile; fileRef = 27D6B85D181EA7580001C6FE /* TKTextView.m */; };
		27D6B8C1181EA7580001C6FE /* TKTextViewCell.m in Sources */ = {isa = PBXBuildFile; fileRef = 27D6B85F181EA7580001C6FE /* TKTextViewCell.m */; };
		27D6B8C2181EA7580001C6FE /* TKViewController.m in Sources */ = {isa = PBXBuildFile; fileRef = 27D6B861181EA7580001C6FE /* TKViewController.m */; };
		27D6B8C3181EA7580001C6FE /* TKWebViewController.m in Sources */ = {isa = PBXBuildFile; fileRef = 27D6B863181EA7580001C6FE /* TKWebViewController.m */; };
		27D6B8C4181EA7580001C6FE /* TKWindow.m in Sources */ = {isa = PBXBuildFile; fileRef = 27D6B865181EA7580001C6FE /* TKWindow.m */; };
		27D6B8C5181EA7580001C6FE /* UIActionSheet+TKCategory.m in Sources */ = {isa = PBXBuildFile; fileRef = 27D6B867181EA7580001C6FE /* UIActionSheet+TKCategory.m */; };
		27D6B8C6181EA7580001C6FE /* UIAlertView+TKCategory.m in Sources */ = {isa = PBXBuildFile; fileRef = 27D6B869181EA7580001C6FE /* UIAlertView+TKCategory.m */; };
		27D6B8C7181EA7580001C6FE /* UIBarButtonItem+TKCategory.m in Sources */ = {isa = PBXBuildFile; fileRef = 27D6B86B181EA7580001C6FE /* UIBarButtonItem+TKCategory.m */; };
		27D6B8C8181EA7580001C6FE /* UIButton+TKCategory.m in Sources */ = {isa = PBXBuildFile; fileRef = 27D6B86D181EA7580001C6FE /* UIButton+TKCategory.m */; };
		27D6B8C9181EA7580001C6FE /* UIColor+TKCategory.m in Sources */ = {isa = PBXBuildFile; fileRef = 27D6B86F181EA7580001C6FE /* UIColor+TKCategory.m */; };
		27D6B8CA181EA7580001C6FE /* UIDevice+TKCategory.m in Sources */ = {isa = PBXBuildFile; fileRef = 27D6B871181EA7580001C6FE /* UIDevice+TKCategory.m */; };
		27D6B8CB181EA7580001C6FE /* UIFont+TKCategory.m in Sources */ = {isa = PBXBuildFile; fileRef = 27D6B873181EA7580001C6FE /* UIFont+TKCategory.m */; };
		27D6B8CC181EA7580001C6FE /* UIGestureRecognizer+TKCategory.m in Sources */ = {isa = PBXBuildFile; fileRef = 27D6B875181EA7580001C6FE /* UIGestureRecognizer+TKCategory.m */; };
		27D6B8CD181EA7580001C6FE /* UIImage+TKCategory.m in Sources */ = {isa = PBXBuildFile; fileRef = 27D6B877181EA7580001C6FE /* UIImage+TKCategory.m */; };
		27D6B8CE181EA7580001C6FE /* UIImagePickerController+TKCategory.m in Sources */ = {isa = PBXBuildFile; fileRef = 27D6B879181EA7580001C6FE /* UIImagePickerController+TKCategory.m */; };
		27D6B8CF181EA7580001C6FE /* UIImageView+TKCategory.m in Sources */ = {isa = PBXBuildFile; fileRef = 27D6B87B181EA7580001C6FE /* UIImageView+TKCategory.m */; };
		27D6B8D0181EA7580001C6FE /* UIScreen+TKCategory.m in Sources */ = {isa = PBXBuildFile; fileRef = 27D6B87D181EA7580001C6FE /* UIScreen+TKCategory.m */; };
		27D6B8D1181EA7580001C6FE /* UIScrollview+TKCategory.m in Sources */ = {isa = PBXBuildFile; fileRef = 27D6B87F181EA7580001C6FE /* UIScrollview+TKCategory.m */; };
		27D6B8D2181EA7580001C6FE /* UITextField+TKCategory.m in Sources */ = {isa = PBXBuildFile; fileRef = 27D6B881181EA7580001C6FE /* UITextField+TKCategory.m */; };
		27D6B8D3181EA7580001C6FE /* UIView+TKCategory.m in Sources */ = {isa = PBXBuildFile; fileRef = 27D6B883181EA7580001C6FE /* UIView+TKCategory.m */; };
		27D6B8D4181EA7580001C6FE /* UIViewController+TKCategory.m in Sources */ = {isa = PBXBuildFile; fileRef = 27D6B885181EA7580001C6FE /* UIViewController+TKCategory.m */; };
		27D6B8D5181EA7580001C6FE /* TapkuLibrary.bundle in Resources */ = {isa = PBXBuildFile; fileRef = 27D6B886181EA7580001C6FE /* TapkuLibrary.bundle */; };
		27D6B8D6181EA7580001C6FE /* FoundationTests.m in Sources */ = {isa = PBXBuildFile; fileRef = 27D6B88D181EA7580001C6FE /* FoundationTests.m */; };
		27D6B8D7181EA7580001C6FE /* NSArrayTests.m in Sources */ = {isa = PBXBuildFile; fileRef = 27D6B88F181EA7580001C6FE /* NSArrayTests.m */; };
		27D6B8D8181EA7580001C6FE /* NSStringTests.m in Sources */ = {isa = PBXBuildFile; fileRef = 27D6B891181EA7580001C6FE /* NSStringTests.m */; };
		27D6B8D9181EA7580001C6FE /* UIViewTests.m in Sources */ = {isa = PBXBuildFile; fileRef = 27D6B893181EA7580001C6FE /* UIViewTests.m */; };
/* End PBXBuildFile section */

/* Begin PBXContainerItemProxy section */
		27D6B7F0181E9D350001C6FE /* PBXContainerItemProxy */ = {
			isa = PBXContainerItemProxy;
			containerPortal = 27D6B7C2181E9D340001C6FE /* Project object */;
			proxyType = 1;
			remoteGlobalIDString = 27D6B7C9181E9D340001C6FE;
			remoteInfo = PXLate;
		};
		27D6B8DC181EA7580001C6FE /* PBXContainerItemProxy */ = {
			isa = PBXContainerItemProxy;
			containerPortal = 27D6B887181EA7580001C6FE /* TapkuLibrary.xcodeproj */;
			proxyType = 2;
			remoteGlobalIDString = D2AAC07E0554694100DB518D;
			remoteInfo = TapkuLibrary;
		};
		27D6B8DE181EA7580001C6FE /* PBXContainerItemProxy */ = {
			isa = PBXContainerItemProxy;
			containerPortal = 27D6B887181EA7580001C6FE /* TapkuLibrary.xcodeproj */;
			proxyType = 2;
			remoteGlobalIDString = 3B45DDF1134C736600D24C1A;
			remoteInfo = LogicTests;
		};
/* End PBXContainerItemProxy section */

/* Begin PBXFileReference section */
		27D6B7CA181E9D340001C6FE /* PXLate.app */ = {isa = PBXFileReference; explicitFileType = wrapper.application; includeInIndex = 0; path = PXLate.app; sourceTree = BUILT_PRODUCTS_DIR; };
		27D6B7CD181E9D340001C6FE /* Foundation.framework */ = {isa = PBXFileReference; lastKnownFileType = wrapper.framework; name = Foundation.framework; path = System/Library/Frameworks/Foundation.framework; sourceTree = SDKROOT; };
		27D6B7CF181E9D340001C6FE /* CoreGraphics.framework */ = {isa = PBXFileReference; lastKnownFileType = wrapper.framework; name = CoreGraphics.framework; path = System/Library/Frameworks/CoreGraphics.framework; sourceTree = SDKROOT; };
		27D6B7D1181E9D340001C6FE /* UIKit.framework */ = {isa = PBXFileReference; lastKnownFileType = wrapper.framework; name = UIKit.framework; path = System/Library/Frameworks/UIKit.framework; sourceTree = SDKROOT; };
		27D6B7D5181E9D350001C6FE /* PXLate-Info.plist */ = {isa = PBXFileReference; lastKnownFileType = text.plist.xml; path = "PXLate-Info.plist"; sourceTree = "<group>"; };
		27D6B7D7181E9D350001C6FE /* en */ = {isa = PBXFileReference; lastKnownFileType = text.plist.strings; name = en; path = en.lproj/InfoPlist.strings; sourceTree = "<group>"; };
		27D6B7D9181E9D350001C6FE /* main.m */ = {isa = PBXFileReference; lastKnownFileType = sourcecode.c.objc; path = main.m; sourceTree = "<group>"; };
		27D6B7DB181E9D350001C6FE /* PXLate-Prefix.pch */ = {isa = PBXFileReference; lastKnownFileType = sourcecode.c.h; path = "PXLate-Prefix.pch"; sourceTree = "<group>"; };
		27D6B7DC181E9D350001C6FE /* AppDelegate.h */ = {isa = PBXFileReference; lastKnownFileType = sourcecode.c.h; path = AppDelegate.h; sourceTree = "<group>"; };
		27D6B7DD181E9D350001C6FE /* AppDelegate.m */ = {isa = PBXFileReference; lastKnownFileType = sourcecode.c.objc; path = AppDelegate.m; sourceTree = "<group>"; };
		27D6B7E0181E9D350001C6FE /* Base */ = {isa = PBXFileReference; lastKnownFileType = file.storyboard; name = Base; path = Base.lproj/Main.storyboard; sourceTree = "<group>"; };
		27D6B7E2181E9D350001C6FE /* ViewController.h */ = {isa = PBXFileReference; lastKnownFileType = sourcecode.c.h; path = ViewController.h; sourceTree = "<group>"; };
		27D6B7E3181E9D350001C6FE /* ViewController.m */ = {isa = PBXFileReference; lastKnownFileType = sourcecode.c.objc; path = ViewController.m; sourceTree = "<group>"; };
		27D6B7E5181E9D350001C6FE /* Images.xcassets */ = {isa = PBXFileReference; lastKnownFileType = folder.assetcatalog; path = Images.xcassets; sourceTree = "<group>"; };
		27D6B7EB181E9D350001C6FE /* PXLateTests.xctest */ = {isa = PBXFileReference; explicitFileType = wrapper.cfbundle; includeInIndex = 0; path = PXLateTests.xctest; sourceTree = BUILT_PRODUCTS_DIR; };
		27D6B7EC181E9D350001C6FE /* XCTest.framework */ = {isa = PBXFileReference; lastKnownFileType = wrapper.framework; name = XCTest.framework; path = Library/Frameworks/XCTest.framework; sourceTree = DEVELOPER_DIR; };
		27D6B7F4181E9D350001C6FE /* PXLateTests-Info.plist */ = {isa = PBXFileReference; lastKnownFileType = text.plist.xml; path = "PXLateTests-Info.plist"; sourceTree = "<group>"; };
		27D6B7F6181E9D350001C6FE /* en */ = {isa = PBXFileReference; lastKnownFileType = text.plist.strings; name = en; path = en.lproj/InfoPlist.strings; sourceTree = "<group>"; };
		27D6B7F8181E9D350001C6FE /* PXLateTests.m */ = {isa = PBXFileReference; lastKnownFileType = sourcecode.c.objc; path = PXLateTests.m; sourceTree = "<group>"; };
		27D6B803181EA7580001C6FE /* DataTests.h */ = {isa = PBXFileReference; fileEncoding = 4; lastKnownFileType = sourcecode.c.h; path = DataTests.h; sourceTree = "<group>"; };
		27D6B804181EA7580001C6FE /* DataTests.m */ = {isa = PBXFileReference; fileEncoding = 4; lastKnownFileType = sourcecode.c.objc; path = DataTests.m; sourceTree = "<group>"; };
		27D6B805181EA7580001C6FE /* LogicTests-Info.plist */ = {isa = PBXFileReference; fileEncoding = 4; lastKnownFileType = text.plist.xml; path = "LogicTests-Info.plist"; sourceTree = "<group>"; };
		27D6B807181EA7580001C6FE /* NSArray+TKCategory.h */ = {isa = PBXFileReference; fileEncoding = 4; lastKnownFileType = sourcecode.c.h; path = "NSArray+TKCategory.h"; sourceTree = "<group>"; };
		27D6B808181EA7580001C6FE /* NSArray+TKCategory.m */ = {isa = PBXFileReference; fileEncoding = 4; lastKnownFileType = sourcecode.c.objc; path = "NSArray+TKCategory.m"; sourceTree = "<group>"; };
		27D6B809181EA7580001C6FE /* NSDate+CalendarGrid.h */ = {isa = PBXFileReference; fileEncoding = 4; lastKnownFileType = sourcecode.c.h; path = "NSDate+CalendarGrid.h"; sourceTree = "<group>"; };
		27D6B80A181EA7580001C6FE /* NSDate+CalendarGrid.m */ = {isa = PBXFileReference; fileEncoding = 4; lastKnownFileType = sourcecode.c.objc; path = "NSDate+CalendarGrid.m"; sourceTree = "<group>"; };
		27D6B80B181EA7580001C6FE /* NSDate+TKCategory.h */ = {isa = PBXFileReference; fileEncoding = 4; lastKnownFileType = sourcecode.c.h; path = "NSDate+TKCategory.h"; sourceTree = "<group>"; };
		27D6B80C181EA7580001C6FE /* NSDate+TKCategory.m */ = {isa = PBXFileReference; fileEncoding = 4; lastKnownFileType = sourcecode.c.objc; path = "NSDate+TKCategory.m"; sourceTree = "<group>"; };
		27D6B80D181EA7580001C6FE /* NSMutableArray+TKCategory.h */ = {isa = PBXFileReference; fileEncoding = 4; lastKnownFileType = sourcecode.c.h; path = "NSMutableArray+TKCategory.h"; sourceTree = "<group>"; };
		27D6B80E181EA7580001C6FE /* NSMutableArray+TKCategory.m */ = {isa = PBXFileReference; fileEncoding = 4; lastKnownFileType = sourcecode.c.objc; path = "NSMutableArray+TKCategory.m"; sourceTree = "<group>"; };
		27D6B80F181EA7580001C6FE /* NSObject+TKCategory.h */ = {isa = PBXFileReference; fileEncoding = 4; lastKnownFileType = sourcecode.c.h; path = "NSObject+TKCategory.h"; sourceTree = "<group>"; };
		27D6B810181EA7580001C6FE /* NSObject+TKCategory.m */ = {isa = PBXFileReference; fileEncoding = 4; lastKnownFileType = sourcecode.c.objc; path = "NSObject+TKCategory.m"; sourceTree = "<group>"; };
		27D6B811181EA7580001C6FE /* NSString+TKCategory.h */ = {isa = PBXFileReference; fileEncoding = 4; lastKnownFileType = sourcecode.c.h; path = "NSString+TKCategory.h"; sourceTree = "<group>"; };
		27D6B812181EA7580001C6FE /* NSString+TKCategory.m */ = {isa = PBXFileReference; fileEncoding = 4; lastKnownFileType = sourcecode.c.objc; path = "NSString+TKCategory.m"; sourceTree = "<group>"; };
		27D6B813181EA7580001C6FE /* TapkuLibrary.h */ = {isa = PBXFileReference; fileEncoding = 4; lastKnownFileType = sourcecode.c.h; path = TapkuLibrary.h; sourceTree = "<group>"; };
		27D6B814181EA7580001C6FE /* TKAlertCenter.h */ = {isa = PBXFileReference; fileEncoding = 4; lastKnownFileType = sourcecode.c.h; path = TKAlertCenter.h; sourceTree = "<group>"; };
		27D6B815181EA7580001C6FE /* TKAlertCenter.m */ = {isa = PBXFileReference; fileEncoding = 4; lastKnownFileType = sourcecode.c.objc; path = TKAlertCenter.m; sourceTree = "<group>"; };
		27D6B816181EA7580001C6FE /* TKAppDelegate.h */ = {isa = PBXFileReference; fileEncoding = 4; lastKnownFileType = sourcecode.c.h; path = TKAppDelegate.h; sourceTree = "<group>"; };
		27D6B817181EA7580001C6FE /* TKAppDelegate.m */ = {isa = PBXFileReference; fileEncoding = 4; lastKnownFileType = sourcecode.c.objc; path = TKAppDelegate.m; sourceTree = "<group>"; };
		27D6B818181EA7580001C6FE /* TKButtonCell.h */ = {isa = PBXFileReference; fileEncoding = 4; lastKnownFileType = sourcecode.c.h; path = TKButtonCell.h; sourceTree = "<group>"; };
		27D6B819181EA7580001C6FE /* TKButtonCell.m */ = {isa = PBXFileReference; fileEncoding = 4; lastKnownFileType = sourcecode.c.objc; path = TKButtonCell.m; sourceTree = "<group>"; };
		27D6B81A181EA7580001C6FE /* TKCalendarDayEventView.h */ = {isa = PBXFileReference; fileEncoding = 4; lastKnownFileType = sourcecode.c.h; path = TKCalendarDayEventView.h; sourceTree = "<group>"; };
		27D6B81B181EA7580001C6FE /* TKCalendarDayEventView.m */ = {isa = PBXFileReference; fileEncoding = 4; lastKnownFileType = sourcecode.c.objc; path = TKCalendarDayEventView.m; sourceTree = "<group>"; };
		27D6B81C181EA7580001C6FE /* TKCalendarDayView.h */ = {isa = PBXFileReference; fileEncoding = 4; lastKnownFileType = sourcecode.c.h; path = TKCalendarDayView.h; sourceTree = "<group>"; };
		27D6B81D181EA7580001C6FE /* TKCalendarDayView.m */ = {isa = PBXFileReference; fileEncoding = 4; lastKnownFileType = sourcecode.c.objc; path = TKCalendarDayView.m; sourceTree = "<group>"; };
		27D6B81E181EA7580001C6FE /* TKCalendarDayViewController.h */ = {isa = PBXFileReference; fileEncoding = 4; lastKnownFileType = sourcecode.c.h; path = TKCalendarDayViewController.h; sourceTree = "<group>"; };
		27D6B81F181EA7580001C6FE /* TKCalendarDayViewController.m */ = {isa = PBXFileReference; fileEncoding = 4; lastKnownFileType = sourcecode.c.objc; path = TKCalendarDayViewController.m; sourceTree = "<group>"; };
		27D6B820181EA7580001C6FE /* TKCalendarMonthTableViewController.h */ = {isa = PBXFileReference; fileEncoding = 4; lastKnownFileType = sourcecode.c.h; path = TKCalendarMonthTableViewController.h; sourceTree = "<group>"; };
		27D6B821181EA7580001C6FE /* TKCalendarMonthTableViewController.m */ = {isa = PBXFileReference; fileEncoding = 4; lastKnownFileType = sourcecode.c.objc; path = TKCalendarMonthTableViewController.m; sourceTree = "<group>"; };
		27D6B822181EA7580001C6FE /* TKCalendarMonthView.h */ = {isa = PBXFileReference; fileEncoding = 4; lastKnownFileType = sourcecode.c.h; path = TKCalendarMonthView.h; sourceTree = "<group>"; };
		27D6B823181EA7580001C6FE /* TKCalendarMonthView.m */ = {isa = PBXFileReference; fileEncoding = 4; lastKnownFileType = sourcecode.c.objc; path = TKCalendarMonthView.m; sourceTree = "<group>"; };
		27D6B824181EA7580001C6FE /* TKCalendarMonthViewController.h */ = {isa = PBXFileReference; fileEncoding = 4; lastKnownFileType = sourcecode.c.h; path = TKCalendarMonthViewController.h; sourceTree = "<group>"; };
		27D6B825181EA7580001C6FE /* TKCalendarMonthViewController.m */ = {isa = PBXFileReference; fileEncoding = 4; lastKnownFileType = sourcecode.c.objc; path = TKCalendarMonthViewController.m; sourceTree = "<group>"; };
		27D6B826181EA7580001C6FE /* TKCoverflowView.h */ = {isa = PBXFileReference; fileEncoding = 4; lastKnownFileType = sourcecode.c.h; path = TKCoverflowView.h; sourceTree = "<group>"; };
		27D6B827181EA7580001C6FE /* TKCoverflowView.m */ = {isa = PBXFileReference; fileEncoding = 4; lastKnownFileType = sourcecode.c.objc; path = TKCoverflowView.m; sourceTree = "<group>"; };
		27D6B828181EA7580001C6FE /* TKEmptyView.h */ = {isa = PBXFileReference; fileEncoding = 4; lastKnownFileType = sourcecode.c.h; path = TKEmptyView.h; sourceTree = "<group>"; };
		27D6B829181EA7580001C6FE /* TKEmptyView.m */ = {isa = PBXFileReference; fileEncoding = 4; lastKnownFileType = sourcecode.c.objc; path = TKEmptyView.m; sourceTree = "<group>"; };
		27D6B82A181EA7580001C6FE /* TKGlobal.h */ = {isa = PBXFileReference; fileEncoding = 4; lastKnownFileType = sourcecode.c.h; path = TKGlobal.h; sourceTree = "<group>"; };
		27D6B82B181EA7580001C6FE /* TKGlobal.m */ = {isa = PBXFileReference; fileEncoding = 4; lastKnownFileType = sourcecode.c.objc; path = TKGlobal.m; sourceTree = "<group>"; };
		27D6B82C181EA7580001C6FE /* TKGlowButton.h */ = {isa = PBXFileReference; fileEncoding = 4; lastKnownFileType = sourcecode.c.h; path = TKGlowButton.h; sourceTree = "<group>"; };
		27D6B82D181EA7580001C6FE /* TKGlowButton.m */ = {isa = PBXFileReference; fileEncoding = 4; lastKnownFileType = sourcecode.c.objc; path = TKGlowButton.m; sourceTree = "<group>"; };
		27D6B82E181EA7580001C6FE /* TKGradientView.h */ = {isa = PBXFileReference; fileEncoding = 4; lastKnownFileType = sourcecode.c.h; path = TKGradientView.h; sourceTree = "<group>"; };
		27D6B82F181EA7580001C6FE /* TKGradientView.m */ = {isa = PBXFileReference; fileEncoding = 4; lastKnownFileType = sourcecode.c.objc; path = TKGradientView.m; sourceTree = "<group>"; };
		27D6B830181EA7580001C6FE /* TKHTTPRequest.h */ = {isa = PBXFileReference; fileEncoding = 4; lastKnownFileType = sourcecode.c.h; path = TKHTTPRequest.h; sourceTree = "<group>"; };
		27D6B831181EA7580001C6FE /* TKHTTPRequest.m */ = {isa = PBXFileReference; fileEncoding = 4; lastKnownFileType = sourcecode.c.objc; path = TKHTTPRequest.m; sourceTree = "<group>"; };
		27D6B832181EA7580001C6FE /* TKImageCache.h */ = {isa = PBXFileReference; fileEncoding = 4; lastKnownFileType = sourcecode.c.h; path = TKImageCache.h; sourceTree = "<group>"; };
		27D6B833181EA7580001C6FE /* TKImageCache.m */ = {isa = PBXFileReference; fileEncoding = 4; lastKnownFileType = sourcecode.c.objc; path = TKImageCache.m; sourceTree = "<group>"; };
		27D6B834181EA7580001C6FE /* TKKeyboardTableViewController.h */ = {isa = PBXFileReference; fileEncoding = 4; lastKnownFileType = sourcecode.c.h; path = TKKeyboardTableViewController.h; sourceTree = "<group>"; };
		27D6B835181EA7580001C6FE /* TKKeyboardTableViewController.m */ = {isa = PBXFileReference; fileEncoding = 4; lastKnownFileType = sourcecode.c.objc; path = TKKeyboardTableViewController.m; sourceTree = "<group>"; };
		27D6B836181EA7580001C6FE /* TKLabelCell.h */ = {isa = PBXFileReference; fileEncoding = 4; lastKnownFileType = sourcecode.c.h; path = TKLabelCell.h; sourceTree = "<group>"; };
		27D6B837181EA7580001C6FE /* TKLabelCell.m */ = {isa = PBXFileReference; fileEncoding = 4; lastKnownFileType = sourcecode.c.objc; path = TKLabelCell.m; sourceTree = "<group>"; };
		27D6B838181EA7580001C6FE /* TKLabelFieldCell.h */ = {isa = PBXFileReference; fileEncoding = 4; lastKnownFileType = sourcecode.c.h; path = TKLabelFieldCell.h; sourceTree = "<group>"; };
		27D6B839181EA7580001C6FE /* TKLabelFieldCell.m */ = {isa = PBXFileReference; fileEncoding = 4; lastKnownFileType = sourcecode.c.objc; path = TKLabelFieldCell.m; sourceTree = "<group>"; };
		27D6B83A181EA7580001C6FE /* TKLabelSwitchCell.h */ = {isa = PBXFileReference; fileEncoding = 4; lastKnownFileType = sourcecode.c.h; path = TKLabelSwitchCell.h; sourceTree = "<group>"; };
		27D6B83B181EA7580001C6FE /* TKLabelSwitchCell.m */ = {isa = PBXFileReference; fileEncoding = 4; lastKnownFileType = sourcecode.c.objc; path = TKLabelSwitchCell.m; sourceTree = "<group>"; };
		27D6B83C181EA7580001C6FE /* TKLabelTextFieldCell.h */ = {isa = PBXFileReference; fileEncoding = 4; lastKnownFileType = sourcecode.c.h; path = TKLabelTextFieldCell.h; sourceTree = "<group>"; };
		27D6B83D181EA7580001C6FE /* TKLabelTextFieldCell.m */ = {isa = PBXFileReference; fileEncoding = 4; lastKnownFileType = sourcecode.c.objc; path = TKLabelTextFieldCell.m; sourceTree = "<group>"; };
		27D6B83E181EA7580001C6FE /* TKLabelTextViewCell.h */ = {isa = PBXFileReference; fileEncoding = 4; lastKnownFileType = sourcecode.c.h; path = TKLabelTextViewCell.h; sourceTree = "<group>"; };
		27D6B83F181EA7580001C6FE /* TKLabelTextViewCell.m */ = {isa = PBXFileReference; fileEncoding = 4; lastKnownFileType = sourcecode.c.objc; path = TKLabelTextViewCell.m; sourceTree = "<group>"; };
		27D6B840181EA7580001C6FE /* TKLoadingView.h */ = {isa = PBXFileReference; fileEncoding = 4; lastKnownFileType = sourcecode.c.h; path = TKLoadingView.h; sourceTree = "<group>"; };
		27D6B841181EA7580001C6FE /* TKLoadingView.m */ = {isa = PBXFileReference; fileEncoding = 4; lastKnownFileType = sourcecode.c.objc; path = TKLoadingView.m; sourceTree = "<group>"; };
		27D6B842181EA7580001C6FE /* TKNetworkQueue.h */ = {isa = PBXFileReference; fileEncoding = 4; lastKnownFileType = sourcecode.c.h; path = TKNetworkQueue.h; sourceTree = "<group>"; };
		27D6B843181EA7580001C6FE /* TKNetworkQueue.m */ = {isa = PBXFileReference; fileEncoding = 4; lastKnownFileType = sourcecode.c.objc; path = TKNetworkQueue.m; sourceTree = "<group>"; };
		27D6B844181EA7580001C6FE /* TKProgressAlertView.h */ = {isa = PBXFileReference; fileEncoding = 4; lastKnownFileType = sourcecode.c.h; path = TKProgressAlertView.h; sourceTree = "<group>"; };
		27D6B845181EA7580001C6FE /* TKProgressAlertView.m */ = {isa = PBXFileReference; fileEncoding = 4; lastKnownFileType = sourcecode.c.objc; path = TKProgressAlertView.m; sourceTree = "<group>"; };
		27D6B846181EA7580001C6FE /* TKProgressBarView.h */ = {isa = PBXFileReference; fileEncoding = 4; lastKnownFileType = sourcecode.c.h; path = TKProgressBarView.h; sourceTree = "<group>"; };
		27D6B847181EA7580001C6FE /* TKProgressBarView.m */ = {isa = PBXFileReference; fileEncoding = 4; lastKnownFileType = sourcecode.c.objc; path = TKProgressBarView.m; sourceTree = "<group>"; };
		27D6B848181EA7580001C6FE /* TKProgressCircleView.h */ = {isa = PBXFileReference; fileEncoding = 4; lastKnownFileType = sourcecode.c.h; path = TKProgressCircleView.h; sourceTree = "<group>"; };
		27D6B849181EA7580001C6FE /* TKProgressCircleView.m */ = {isa = PBXFileReference; fileEncoding = 4; lastKnownFileType = sourcecode.c.objc; path = TKProgressCircleView.m; sourceTree = "<group>"; };
		27D6B84A181EA7580001C6FE /* TKReorderTableView.h */ = {isa = PBXFileReference; fileEncoding = 4; lastKnownFileType = sourcecode.c.h; path = TKReorderTableView.h; sourceTree = "<group>"; };
		27D6B84B181EA7580001C6FE /* TKReorderTableView.m */ = {isa = PBXFileReference; fileEncoding = 4; lastKnownFileType = sourcecode.c.objc; path = TKReorderTableView.m; sourceTree = "<group>"; };
		27D6B84C181EA7580001C6FE /* TKRetroButton.h */ = {isa = PBXFileReference; fileEncoding = 4; lastKnownFileType = sourcecode.c.h; path = TKRetroButton.h; sourceTree = "<group>"; };
		27D6B84D181EA7580001C6FE /* TKRetroButton.m */ = {isa = PBXFileReference; fileEncoding = 4; lastKnownFileType = sourcecode.c.objc; path = TKRetroButton.m; sourceTree = "<group>"; };
		27D6B84E181EA7580001C6FE /* TKShapeView.h */ = {isa = PBXFileReference; fileEncoding = 4; lastKnownFileType = sourcecode.c.h; path = TKShapeView.h; sourceTree = "<group>"; };
		27D6B84F181EA7580001C6FE /* TKShapeView.m */ = {isa = PBXFileReference; fileEncoding = 4; lastKnownFileType = sourcecode.c.objc; path = TKShapeView.m; sourceTree = "<group>"; };
		27D6B850181EA7580001C6FE /* TKShimmerLabel.h */ = {isa = PBXFileReference; fileEncoding = 4; lastKnownFileType = sourcecode.c.h; path = TKShimmerLabel.h; sourceTree = "<group>"; };
		27D6B851181EA7580001C6FE /* TKShimmerLabel.m */ = {isa = PBXFileReference; fileEncoding = 4; lastKnownFileType = sourcecode.c.objc; path = TKShimmerLabel.m; sourceTree = "<group>"; };
		27D6B852181EA7580001C6FE /* TKSlideToUnlockView.h */ = {isa = PBXFileReference; fileEncoding = 4; lastKnownFileType = sourcecode.c.h; path = TKSlideToUnlockView.h; sourceTree = "<group>"; };
		27D6B853181EA7580001C6FE /* TKSlideToUnlockView.m */ = {isa = PBXFileReference; fileEncoding = 4; lastKnownFileType = sourcecode.c.objc; path = TKSlideToUnlockView.m; sourceTree = "<group>"; };
		27D6B854181EA7580001C6FE /* TKSwitchCell.h */ = {isa = PBXFileReference; fileEncoding = 4; lastKnownFileType = sourcecode.c.h; path = TKSwitchCell.h; sourceTree = "<group>"; };
		27D6B855181EA7580001C6FE /* TKSwitchCell.m */ = {isa = PBXFileReference; fileEncoding = 4; lastKnownFileType = sourcecode.c.objc; path = TKSwitchCell.m; sourceTree = "<group>"; };
		27D6B856181EA7580001C6FE /* TKTableViewCell.h */ = {isa = PBXFileReference; fileEncoding = 4; lastKnownFileType = sourcecode.c.h; path = TKTableViewCell.h; sourceTree = "<group>"; };
		27D6B857181EA7580001C6FE /* TKTableViewCell.m */ = {isa = PBXFileReference; fileEncoding = 4; lastKnownFileType = sourcecode.c.objc; path = TKTableViewCell.m; sourceTree = "<group>"; };
		27D6B858181EA7580001C6FE /* TKTableViewController.h */ = {isa = PBXFileReference; fileEncoding = 4; lastKnownFileType = sourcecode.c.h; path = TKTableViewController.h; sourceTree = "<group>"; };
		27D6B859181EA7580001C6FE /* TKTableViewController.m */ = {isa = PBXFileReference; fileEncoding = 4; lastKnownFileType = sourcecode.c.objc; path = TKTableViewController.m; sourceTree = "<group>"; };
		27D6B85A181EA7580001C6FE /* TKTextFieldCell.h */ = {isa = PBXFileReference; fileEncoding = 4; lastKnownFileType = sourcecode.c.h; path = TKTextFieldCell.h; sourceTree = "<group>"; };
		27D6B85B181EA7580001C6FE /* TKTextFieldCell.m */ = {isa = PBXFileReference; fileEncoding = 4; lastKnownFileType = sourcecode.c.objc; path = TKTextFieldCell.m; sourceTree = "<group>"; };
		27D6B85C181EA7580001C6FE /* TKTextView.h */ = {isa = PBXFileReference; fileEncoding = 4; lastKnownFileType = sourcecode.c.h; path = TKTextView.h; sourceTree = "<group>"; };
		27D6B85D181EA7580001C6FE /* TKTextView.m */ = {isa = PBXFileReference; fileEncoding = 4; lastKnownFileType = sourcecode.c.objc; path = TKTextView.m; sourceTree = "<group>"; };
		27D6B85E181EA7580001C6FE /* TKTextViewCell.h */ = {isa = PBXFileReference; fileEncoding = 4; lastKnownFileType = sourcecode.c.h; path = TKTextViewCell.h; sourceTree = "<group>"; };
		27D6B85F181EA7580001C6FE /* TKTextViewCell.m */ = {isa = PBXFileReference; fileEncoding = 4; lastKnownFileType = sourcecode.c.objc; path = TKTextViewCell.m; sourceTree = "<group>"; };
		27D6B860181EA7580001C6FE /* TKViewController.h */ = {isa = PBXFileReference; fileEncoding = 4; lastKnownFileType = sourcecode.c.h; path = TKViewController.h; sourceTree = "<group>"; };
		27D6B861181EA7580001C6FE /* TKViewController.m */ = {isa = PBXFileReference; fileEncoding = 4; lastKnownFileType = sourcecode.c.objc; path = TKViewController.m; sourceTree = "<group>"; };
		27D6B862181EA7580001C6FE /* TKWebViewController.h */ = {isa = PBXFileReference; fileEncoding = 4; lastKnownFileType = sourcecode.c.h; path = TKWebViewController.h; sourceTree = "<group>"; };
		27D6B863181EA7580001C6FE /* TKWebViewController.m */ = {isa = PBXFileReference; fileEncoding = 4; lastKnownFileType = sourcecode.c.objc; path = TKWebViewController.m; sourceTree = "<group>"; };
		27D6B864181EA7580001C6FE /* TKWindow.h */ = {isa = PBXFileReference; fileEncoding = 4; lastKnownFileType = sourcecode.c.h; path = TKWindow.h; sourceTree = "<group>"; };
		27D6B865181EA7580001C6FE /* TKWindow.m */ = {isa = PBXFileReference; fileEncoding = 4; lastKnownFileType = sourcecode.c.objc; path = TKWindow.m; sourceTree = "<group>"; };
		27D6B866181EA7580001C6FE /* UIActionSheet+TKCategory.h */ = {isa = PBXFileReference; fileEncoding = 4; lastKnownFileType = sourcecode.c.h; path = "UIActionSheet+TKCategory.h"; sourceTree = "<group>"; };
		27D6B867181EA7580001C6FE /* UIActionSheet+TKCategory.m */ = {isa = PBXFileReference; fileEncoding = 4; lastKnownFileType = sourcecode.c.objc; path = "UIActionSheet+TKCategory.m"; sourceTree = "<group>"; };
		27D6B868181EA7580001C6FE /* UIAlertView+TKCategory.h */ = {isa = PBXFileReference; fileEncoding = 4; lastKnownFileType = sourcecode.c.h; path = "UIAlertView+TKCategory.h"; sourceTree = "<group>"; };
		27D6B869181EA7580001C6FE /* UIAlertView+TKCategory.m */ = {isa = PBXFileReference; fileEncoding = 4; lastKnownFileType = sourcecode.c.objc; path = "UIAlertView+TKCategory.m"; sourceTree = "<group>"; };
		27D6B86A181EA7580001C6FE /* UIBarButtonItem+TKCategory.h */ = {isa = PBXFileReference; fileEncoding = 4; lastKnownFileType = sourcecode.c.h; path = "UIBarButtonItem+TKCategory.h"; sourceTree = "<group>"; };
		27D6B86B181EA7580001C6FE /* UIBarButtonItem+TKCategory.m */ = {isa = PBXFileReference; fileEncoding = 4; lastKnownFileType = sourcecode.c.objc; path = "UIBarButtonItem+TKCategory.m"; sourceTree = "<group>"; };
		27D6B86C181EA7580001C6FE /* UIButton+TKCategory.h */ = {isa = PBXFileReference; fileEncoding = 4; lastKnownFileType = sourcecode.c.h; path = "UIButton+TKCategory.h"; sourceTree = "<group>"; };
		27D6B86D181EA7580001C6FE /* UIButton+TKCategory.m */ = {isa = PBXFileReference; fileEncoding = 4; lastKnownFileType = sourcecode.c.objc; path = "UIButton+TKCategory.m"; sourceTree = "<group>"; };
		27D6B86E181EA7580001C6FE /* UIColor+TKCategory.h */ = {isa = PBXFileReference; fileEncoding = 4; lastKnownFileType = sourcecode.c.h; path = "UIColor+TKCategory.h"; sourceTree = "<group>"; };
		27D6B86F181EA7580001C6FE /* UIColor+TKCategory.m */ = {isa = PBXFileReference; fileEncoding = 4; lastKnownFileType = sourcecode.c.objc; path = "UIColor+TKCategory.m"; sourceTree = "<group>"; };
		27D6B870181EA7580001C6FE /* UIDevice+TKCategory.h */ = {isa = PBXFileReference; fileEncoding = 4; lastKnownFileType = sourcecode.c.h; path = "UIDevice+TKCategory.h"; sourceTree = "<group>"; };
		27D6B871181EA7580001C6FE /* UIDevice+TKCategory.m */ = {isa = PBXFileReference; fileEncoding = 4; lastKnownFileType = sourcecode.c.objc; path = "UIDevice+TKCategory.m"; sourceTree = "<group>"; };
		27D6B872181EA7580001C6FE /* UIFont+TKCategory.h */ = {isa = PBXFileReference; fileEncoding = 4; lastKnownFileType = sourcecode.c.h; path = "UIFont+TKCategory.h"; sourceTree = "<group>"; };
		27D6B873181EA7580001C6FE /* UIFont+TKCategory.m */ = {isa = PBXFileReference; fileEncoding = 4; lastKnownFileType = sourcecode.c.objc; path = "UIFont+TKCategory.m"; sourceTree = "<group>"; };
		27D6B874181EA7580001C6FE /* UIGestureRecognizer+TKCategory.h */ = {isa = PBXFileReference; fileEncoding = 4; lastKnownFileType = sourcecode.c.h; path = "UIGestureRecognizer+TKCategory.h"; sourceTree = "<group>"; };
		27D6B875181EA7580001C6FE /* UIGestureRecognizer+TKCategory.m */ = {isa = PBXFileReference; fileEncoding = 4; lastKnownFileType = sourcecode.c.objc; path = "UIGestureRecognizer+TKCategory.m"; sourceTree = "<group>"; };
		27D6B876181EA7580001C6FE /* UIImage+TKCategory.h */ = {isa = PBXFileReference; fileEncoding = 4; lastKnownFileType = sourcecode.c.h; path = "UIImage+TKCategory.h"; sourceTree = "<group>"; };
		27D6B877181EA7580001C6FE /* UIImage+TKCategory.m */ = {isa = PBXFileReference; fileEncoding = 4; lastKnownFileType = sourcecode.c.objc; path = "UIImage+TKCategory.m"; sourceTree = "<group>"; };
		27D6B878181EA7580001C6FE /* UIImagePickerController+TKCategory.h */ = {isa = PBXFileReference; fileEncoding = 4; lastKnownFileType = sourcecode.c.h; path = "UIImagePickerController+TKCategory.h"; sourceTree = "<group>"; };
		27D6B879181EA7580001C6FE /* UIImagePickerController+TKCategory.m */ = {isa = PBXFileReference; fileEncoding = 4; lastKnownFileType = sourcecode.c.objc; path = "UIImagePickerController+TKCategory.m"; sourceTree = "<group>"; };
		27D6B87A181EA7580001C6FE /* UIImageView+TKCategory.h */ = {isa = PBXFileReference; fileEncoding = 4; lastKnownFileType = sourcecode.c.h; path = "UIImageView+TKCategory.h"; sourceTree = "<group>"; };
		27D6B87B181EA7580001C6FE /* UIImageView+TKCategory.m */ = {isa = PBXFileReference; fileEncoding = 4; lastKnownFileType = sourcecode.c.objc; path = "UIImageView+TKCategory.m"; sourceTree = "<group>"; };
		27D6B87C181EA7580001C6FE /* UIScreen+TKCategory.h */ = {isa = PBXFileReference; fileEncoding = 4; lastKnownFileType = sourcecode.c.h; path = "UIScreen+TKCategory.h"; sourceTree = "<group>"; };
		27D6B87D181EA7580001C6FE /* UIScreen+TKCategory.m */ = {isa = PBXFileReference; fileEncoding = 4; lastKnownFileType = sourcecode.c.objc; path = "UIScreen+TKCategory.m"; sourceTree = "<group>"; };
		27D6B87E181EA7580001C6FE /* UIScrollview+TKCategory.h */ = {isa = PBXFileReference; fileEncoding = 4; lastKnownFileType = sourcecode.c.h; path = "UIScrollview+TKCategory.h"; sourceTree = "<group>"; };
		27D6B87F181EA7580001C6FE /* UIScrollview+TKCategory.m */ = {isa = PBXFileReference; fileEncoding = 4; lastKnownFileType = sourcecode.c.objc; path = "UIScrollview+TKCategory.m"; sourceTree = "<group>"; };
		27D6B880181EA7580001C6FE /* UITextField+TKCategory.h */ = {isa = PBXFileReference; fileEncoding = 4; lastKnownFileType = sourcecode.c.h; path = "UITextField+TKCategory.h"; sourceTree = "<group>"; };
		27D6B881181EA7580001C6FE /* UITextField+TKCategory.m */ = {isa = PBXFileReference; fileEncoding = 4; lastKnownFileType = sourcecode.c.objc; path = "UITextField+TKCategory.m"; sourceTree = "<group>"; };
		27D6B882181EA7580001C6FE /* UIView+TKCategory.h */ = {isa = PBXFileReference; fileEncoding = 4; lastKnownFileType = sourcecode.c.h; path = "UIView+TKCategory.h"; sourceTree = "<group>"; };
		27D6B883181EA7580001C6FE /* UIView+TKCategory.m */ = {isa = PBXFileReference; fileEncoding = 4; lastKnownFileType = sourcecode.c.objc; path = "UIView+TKCategory.m"; sourceTree = "<group>"; };
		27D6B884181EA7580001C6FE /* UIViewController+TKCategory.h */ = {isa = PBXFileReference; fileEncoding = 4; lastKnownFileType = sourcecode.c.h; path = "UIViewController+TKCategory.h"; sourceTree = "<group>"; };
		27D6B885181EA7580001C6FE /* UIViewController+TKCategory.m */ = {isa = PBXFileReference; fileEncoding = 4; lastKnownFileType = sourcecode.c.objc; path = "UIViewController+TKCategory.m"; sourceTree = "<group>"; };
		27D6B886181EA7580001C6FE /* TapkuLibrary.bundle */ = {isa = PBXFileReference; lastKnownFileType = "wrapper.plug-in"; path = TapkuLibrary.bundle; sourceTree = "<group>"; };
		27D6B887181EA7580001C6FE /* TapkuLibrary.xcodeproj */ = {isa = PBXFileReference; lastKnownFileType = "wrapper.pb-project"; path = TapkuLibrary.xcodeproj; sourceTree = "<group>"; };
		27D6B88A181EA7580001C6FE /* TapkuLibrary_Prefix.pch */ = {isa = PBXFileReference; fileEncoding = 4; lastKnownFileType = sourcecode.c.h; path = TapkuLibrary_Prefix.pch; sourceTree = "<group>"; };
		27D6B88C181EA7580001C6FE /* FoundationTests.h */ = {isa = PBXFileReference; fileEncoding = 4; lastKnownFileType = sourcecode.c.h; path = FoundationTests.h; sourceTree = "<group>"; };
		27D6B88D181EA7580001C6FE /* FoundationTests.m */ = {isa = PBXFileReference; fileEncoding = 4; lastKnownFileType = sourcecode.c.objc; path = FoundationTests.m; sourceTree = "<group>"; };
		27D6B88E181EA7580001C6FE /* NSArrayTests.h */ = {isa = PBXFileReference; fileEncoding = 4; lastKnownFileType = sourcecode.c.h; path = NSArrayTests.h; sourceTree = "<group>"; };
		27D6B88F181EA7580001C6FE /* NSArrayTests.m */ = {isa = PBXFileReference; fileEncoding = 4; lastKnownFileType = sourcecode.c.objc; path = NSArrayTests.m; sourceTree = "<group>"; };
		27D6B890181EA7580001C6FE /* NSStringTests.h */ = {isa = PBXFileReference; fileEncoding = 4; lastKnownFileType = sourcecode.c.h; path = NSStringTests.h; sourceTree = "<group>"; };
		27D6B891181EA7580001C6FE /* NSStringTests.m */ = {isa = PBXFileReference; fileEncoding = 4; lastKnownFileType = sourcecode.c.objc; path = NSStringTests.m; sourceTree = "<group>"; };
		27D6B892181EA7580001C6FE /* UIViewTests.h */ = {isa = PBXFileReference; fileEncoding = 4; lastKnownFileType = sourcecode.c.h; path = UIViewTests.h; sourceTree = "<group>"; };
		27D6B893181EA7580001C6FE /* UIViewTests.m */ = {isa = PBXFileReference; fileEncoding = 4; lastKnownFileType = sourcecode.c.objc; path = UIViewTests.m; sourceTree = "<group>"; };
/* End PBXFileReference section */

/* Begin PBXFrameworksBuildPhase section */
		27D6B7C7181E9D340001C6FE /* Frameworks */ = {
			isa = PBXFrameworksBuildPhase;
			buildActionMask = 2147483647;
			files = (
				27D6B7D0181E9D340001C6FE /* CoreGraphics.framework in Frameworks */,
				27D6B7D2181E9D340001C6FE /* UIKit.framework in Frameworks */,
				27D6B7CE181E9D340001C6FE /* Foundation.framework in Frameworks */,
			);
			runOnlyForDeploymentPostprocessing = 0;
		};
		27D6B7E8181E9D350001C6FE /* Frameworks */ = {
			isa = PBXFrameworksBuildPhase;
			buildActionMask = 2147483647;
			files = (
				27D6B7ED181E9D350001C6FE /* XCTest.framework in Frameworks */,
				27D6B7EF181E9D350001C6FE /* UIKit.framework in Frameworks */,
				27D6B7EE181E9D350001C6FE /* Foundation.framework in Frameworks */,
>>>>>>> 971db05b86c6f712d9368f4ff9d409d1b65fb39c
			);
			runOnlyForDeploymentPostprocessing = 0;
		};
/* End PBXFrameworksBuildPhase section */

/* Begin PBXGroup section */
<<<<<<< HEAD
		703D8B9718180F3E004432CF = {
			isa = PBXGroup;
			children = (
				703D8BA918180F3F004432CF /* PXLate */,
				703D8BCB18180F40004432CF /* PXLateTests */,
				703D8BA218180F3F004432CF /* Frameworks */,
				703D8BA118180F3F004432CF /* Products */,
			);
			sourceTree = "<group>";
		};
		703D8BA118180F3F004432CF /* Products */ = {
			isa = PBXGroup;
			children = (
				703D8BA018180F3F004432CF /* PXLate.app */,
				703D8BC418180F40004432CF /* PXLateTests.xctest */,
=======
		27D6B7C1181E9D340001C6FE = {
			isa = PBXGroup;
			children = (
				27D6B802181EA7580001C6FE /* src */,
				27D6B7D3181E9D340001C6FE /* PXLate */,
				27D6B7F2181E9D350001C6FE /* PXLateTests */,
				27D6B7CC181E9D340001C6FE /* Frameworks */,
				27D6B7CB181E9D340001C6FE /* Products */,
			);
			sourceTree = "<group>";
		};
		27D6B7CB181E9D340001C6FE /* Products */ = {
			isa = PBXGroup;
			children = (
				27D6B7CA181E9D340001C6FE /* PXLate.app */,
				27D6B7EB181E9D350001C6FE /* PXLateTests.xctest */,
>>>>>>> 971db05b86c6f712d9368f4ff9d409d1b65fb39c
			);
			name = Products;
			sourceTree = "<group>";
		};
<<<<<<< HEAD
		703D8BA218180F3F004432CF /* Frameworks */ = {
			isa = PBXGroup;
			children = (
				703D8BA318180F3F004432CF /* Foundation.framework */,
				703D8BA518180F3F004432CF /* CoreGraphics.framework */,
				703D8BA718180F3F004432CF /* UIKit.framework */,
				703D8BC518180F40004432CF /* XCTest.framework */,
=======
		27D6B7CC181E9D340001C6FE /* Frameworks */ = {
			isa = PBXGroup;
			children = (
				27D6B7CD181E9D340001C6FE /* Foundation.framework */,
				27D6B7CF181E9D340001C6FE /* CoreGraphics.framework */,
				27D6B7D1181E9D340001C6FE /* UIKit.framework */,
				27D6B7EC181E9D350001C6FE /* XCTest.framework */,
>>>>>>> 971db05b86c6f712d9368f4ff9d409d1b65fb39c
			);
			name = Frameworks;
			sourceTree = "<group>";
		};
<<<<<<< HEAD
		703D8BA918180F3F004432CF /* PXLate */ = {
			isa = PBXGroup;
			children = (
				703D8BB218180F3F004432CF /* AppDelegate.h */,
				703D8BB318180F3F004432CF /* AppDelegate.m */,
				703D8BB518180F3F004432CF /* Main.storyboard */,
				703D8BB818180F3F004432CF /* FirstViewController.h */,
				703D8BB918180F3F004432CF /* FirstViewController.m */,
				703D8BBB18180F3F004432CF /* SecondViewController.h */,
				703D8BBC18180F3F004432CF /* SecondViewController.m */,
				703D8BBE18180F3F004432CF /* Images.xcassets */,
				703D8BAA18180F3F004432CF /* Supporting Files */,
=======
		27D6B7D3181E9D340001C6FE /* PXLate */ = {
			isa = PBXGroup;
			children = (
				27D6B7DC181E9D350001C6FE /* AppDelegate.h */,
				27D6B7DD181E9D350001C6FE /* AppDelegate.m */,
				27D6B7DF181E9D350001C6FE /* Main.storyboard */,
				27D6B7E2181E9D350001C6FE /* ViewController.h */,
				27D6B7E3181E9D350001C6FE /* ViewController.m */,
				27D6B7E5181E9D350001C6FE /* Images.xcassets */,
				27D6B7D4181E9D350001C6FE /* Supporting Files */,
>>>>>>> 971db05b86c6f712d9368f4ff9d409d1b65fb39c
			);
			path = PXLate;
			sourceTree = "<group>";
		};
<<<<<<< HEAD
		703D8BAA18180F3F004432CF /* Supporting Files */ = {
			isa = PBXGroup;
			children = (
				703D8BAB18180F3F004432CF /* PXLate-Info.plist */,
				703D8BAC18180F3F004432CF /* InfoPlist.strings */,
				703D8BAF18180F3F004432CF /* main.m */,
				703D8BB118180F3F004432CF /* PXLate-Prefix.pch */,
=======
		27D6B7D4181E9D350001C6FE /* Supporting Files */ = {
			isa = PBXGroup;
			children = (
				27D6B7D5181E9D350001C6FE /* PXLate-Info.plist */,
				27D6B7D6181E9D350001C6FE /* InfoPlist.strings */,
				27D6B7D9181E9D350001C6FE /* main.m */,
				27D6B7DB181E9D350001C6FE /* PXLate-Prefix.pch */,
>>>>>>> 971db05b86c6f712d9368f4ff9d409d1b65fb39c
			);
			name = "Supporting Files";
			sourceTree = "<group>";
		};
<<<<<<< HEAD
		703D8BCB18180F40004432CF /* PXLateTests */ = {
			isa = PBXGroup;
			children = (
				703D8BD118180F40004432CF /* PXLateTests.m */,
				703D8BCC18180F40004432CF /* Supporting Files */,
=======
		27D6B7F2181E9D350001C6FE /* PXLateTests */ = {
			isa = PBXGroup;
			children = (
				27D6B7F8181E9D350001C6FE /* PXLateTests.m */,
				27D6B7F3181E9D350001C6FE /* Supporting Files */,
>>>>>>> 971db05b86c6f712d9368f4ff9d409d1b65fb39c
			);
			path = PXLateTests;
			sourceTree = "<group>";
		};
<<<<<<< HEAD
		703D8BCC18180F40004432CF /* Supporting Files */ = {
			isa = PBXGroup;
			children = (
				703D8BCD18180F40004432CF /* PXLateTests-Info.plist */,
				703D8BCE18180F40004432CF /* InfoPlist.strings */,
=======
		27D6B7F3181E9D350001C6FE /* Supporting Files */ = {
			isa = PBXGroup;
			children = (
				27D6B7F4181E9D350001C6FE /* PXLateTests-Info.plist */,
				27D6B7F5181E9D350001C6FE /* InfoPlist.strings */,
>>>>>>> 971db05b86c6f712d9368f4ff9d409d1b65fb39c
			);
			name = "Supporting Files";
			sourceTree = "<group>";
		};
<<<<<<< HEAD
/* End PBXGroup section */

/* Begin PBXNativeTarget section */
		703D8B9F18180F3E004432CF /* PXLate */ = {
			isa = PBXNativeTarget;
			buildConfigurationList = 703D8BD518180F40004432CF /* Build configuration list for PBXNativeTarget "PXLate" */;
			buildPhases = (
				703D8B9C18180F3E004432CF /* Sources */,
				703D8B9D18180F3E004432CF /* Frameworks */,
				703D8B9E18180F3E004432CF /* Resources */,
=======
		27D6B802181EA7580001C6FE /* src */ = {
			isa = PBXGroup;
			children = (
				27D6B803181EA7580001C6FE /* DataTests.h */,
				27D6B804181EA7580001C6FE /* DataTests.m */,
				27D6B805181EA7580001C6FE /* LogicTests-Info.plist */,
				27D6B806181EA7580001C6FE /* TapkuLibrary */,
				27D6B886181EA7580001C6FE /* TapkuLibrary.bundle */,
				27D6B887181EA7580001C6FE /* TapkuLibrary.xcodeproj */,
				27D6B88A181EA7580001C6FE /* TapkuLibrary_Prefix.pch */,
				27D6B88B181EA7580001C6FE /* Tests */,
			);
			name = src;
			path = "../tapkulibrary-master/src";
			sourceTree = "<group>";
		};
		27D6B806181EA7580001C6FE /* TapkuLibrary */ = {
			isa = PBXGroup;
			children = (
				27D6B807181EA7580001C6FE /* NSArray+TKCategory.h */,
				27D6B808181EA7580001C6FE /* NSArray+TKCategory.m */,
				27D6B809181EA7580001C6FE /* NSDate+CalendarGrid.h */,
				27D6B80A181EA7580001C6FE /* NSDate+CalendarGrid.m */,
				27D6B80B181EA7580001C6FE /* NSDate+TKCategory.h */,
				27D6B80C181EA7580001C6FE /* NSDate+TKCategory.m */,
				27D6B80D181EA7580001C6FE /* NSMutableArray+TKCategory.h */,
				27D6B80E181EA7580001C6FE /* NSMutableArray+TKCategory.m */,
				27D6B80F181EA7580001C6FE /* NSObject+TKCategory.h */,
				27D6B810181EA7580001C6FE /* NSObject+TKCategory.m */,
				27D6B811181EA7580001C6FE /* NSString+TKCategory.h */,
				27D6B812181EA7580001C6FE /* NSString+TKCategory.m */,
				27D6B813181EA7580001C6FE /* TapkuLibrary.h */,
				27D6B814181EA7580001C6FE /* TKAlertCenter.h */,
				27D6B815181EA7580001C6FE /* TKAlertCenter.m */,
				27D6B816181EA7580001C6FE /* TKAppDelegate.h */,
				27D6B817181EA7580001C6FE /* TKAppDelegate.m */,
				27D6B818181EA7580001C6FE /* TKButtonCell.h */,
				27D6B819181EA7580001C6FE /* TKButtonCell.m */,
				27D6B81A181EA7580001C6FE /* TKCalendarDayEventView.h */,
				27D6B81B181EA7580001C6FE /* TKCalendarDayEventView.m */,
				27D6B81C181EA7580001C6FE /* TKCalendarDayView.h */,
				27D6B81D181EA7580001C6FE /* TKCalendarDayView.m */,
				27D6B81E181EA7580001C6FE /* TKCalendarDayViewController.h */,
				27D6B81F181EA7580001C6FE /* TKCalendarDayViewController.m */,
				27D6B820181EA7580001C6FE /* TKCalendarMonthTableViewController.h */,
				27D6B821181EA7580001C6FE /* TKCalendarMonthTableViewController.m */,
				27D6B822181EA7580001C6FE /* TKCalendarMonthView.h */,
				27D6B823181EA7580001C6FE /* TKCalendarMonthView.m */,
				27D6B824181EA7580001C6FE /* TKCalendarMonthViewController.h */,
				27D6B825181EA7580001C6FE /* TKCalendarMonthViewController.m */,
				27D6B826181EA7580001C6FE /* TKCoverflowView.h */,
				27D6B827181EA7580001C6FE /* TKCoverflowView.m */,
				27D6B828181EA7580001C6FE /* TKEmptyView.h */,
				27D6B829181EA7580001C6FE /* TKEmptyView.m */,
				27D6B82A181EA7580001C6FE /* TKGlobal.h */,
				27D6B82B181EA7580001C6FE /* TKGlobal.m */,
				27D6B82C181EA7580001C6FE /* TKGlowButton.h */,
				27D6B82D181EA7580001C6FE /* TKGlowButton.m */,
				27D6B82E181EA7580001C6FE /* TKGradientView.h */,
				27D6B82F181EA7580001C6FE /* TKGradientView.m */,
				27D6B830181EA7580001C6FE /* TKHTTPRequest.h */,
				27D6B831181EA7580001C6FE /* TKHTTPRequest.m */,
				27D6B832181EA7580001C6FE /* TKImageCache.h */,
				27D6B833181EA7580001C6FE /* TKImageCache.m */,
				27D6B834181EA7580001C6FE /* TKKeyboardTableViewController.h */,
				27D6B835181EA7580001C6FE /* TKKeyboardTableViewController.m */,
				27D6B836181EA7580001C6FE /* TKLabelCell.h */,
				27D6B837181EA7580001C6FE /* TKLabelCell.m */,
				27D6B838181EA7580001C6FE /* TKLabelFieldCell.h */,
				27D6B839181EA7580001C6FE /* TKLabelFieldCell.m */,
				27D6B83A181EA7580001C6FE /* TKLabelSwitchCell.h */,
				27D6B83B181EA7580001C6FE /* TKLabelSwitchCell.m */,
				27D6B83C181EA7580001C6FE /* TKLabelTextFieldCell.h */,
				27D6B83D181EA7580001C6FE /* TKLabelTextFieldCell.m */,
				27D6B83E181EA7580001C6FE /* TKLabelTextViewCell.h */,
				27D6B83F181EA7580001C6FE /* TKLabelTextViewCell.m */,
				27D6B840181EA7580001C6FE /* TKLoadingView.h */,
				27D6B841181EA7580001C6FE /* TKLoadingView.m */,
				27D6B842181EA7580001C6FE /* TKNetworkQueue.h */,
				27D6B843181EA7580001C6FE /* TKNetworkQueue.m */,
				27D6B844181EA7580001C6FE /* TKProgressAlertView.h */,
				27D6B845181EA7580001C6FE /* TKProgressAlertView.m */,
				27D6B846181EA7580001C6FE /* TKProgressBarView.h */,
				27D6B847181EA7580001C6FE /* TKProgressBarView.m */,
				27D6B848181EA7580001C6FE /* TKProgressCircleView.h */,
				27D6B849181EA7580001C6FE /* TKProgressCircleView.m */,
				27D6B84A181EA7580001C6FE /* TKReorderTableView.h */,
				27D6B84B181EA7580001C6FE /* TKReorderTableView.m */,
				27D6B84C181EA7580001C6FE /* TKRetroButton.h */,
				27D6B84D181EA7580001C6FE /* TKRetroButton.m */,
				27D6B84E181EA7580001C6FE /* TKShapeView.h */,
				27D6B84F181EA7580001C6FE /* TKShapeView.m */,
				27D6B850181EA7580001C6FE /* TKShimmerLabel.h */,
				27D6B851181EA7580001C6FE /* TKShimmerLabel.m */,
				27D6B852181EA7580001C6FE /* TKSlideToUnlockView.h */,
				27D6B853181EA7580001C6FE /* TKSlideToUnlockView.m */,
				27D6B854181EA7580001C6FE /* TKSwitchCell.h */,
				27D6B855181EA7580001C6FE /* TKSwitchCell.m */,
				27D6B856181EA7580001C6FE /* TKTableViewCell.h */,
				27D6B857181EA7580001C6FE /* TKTableViewCell.m */,
				27D6B858181EA7580001C6FE /* TKTableViewController.h */,
				27D6B859181EA7580001C6FE /* TKTableViewController.m */,
				27D6B85A181EA7580001C6FE /* TKTextFieldCell.h */,
				27D6B85B181EA7580001C6FE /* TKTextFieldCell.m */,
				27D6B85C181EA7580001C6FE /* TKTextView.h */,
				27D6B85D181EA7580001C6FE /* TKTextView.m */,
				27D6B85E181EA7580001C6FE /* TKTextViewCell.h */,
				27D6B85F181EA7580001C6FE /* TKTextViewCell.m */,
				27D6B860181EA7580001C6FE /* TKViewController.h */,
				27D6B861181EA7580001C6FE /* TKViewController.m */,
				27D6B862181EA7580001C6FE /* TKWebViewController.h */,
				27D6B863181EA7580001C6FE /* TKWebViewController.m */,
				27D6B864181EA7580001C6FE /* TKWindow.h */,
				27D6B865181EA7580001C6FE /* TKWindow.m */,
				27D6B866181EA7580001C6FE /* UIActionSheet+TKCategory.h */,
				27D6B867181EA7580001C6FE /* UIActionSheet+TKCategory.m */,
				27D6B868181EA7580001C6FE /* UIAlertView+TKCategory.h */,
				27D6B869181EA7580001C6FE /* UIAlertView+TKCategory.m */,
				27D6B86A181EA7580001C6FE /* UIBarButtonItem+TKCategory.h */,
				27D6B86B181EA7580001C6FE /* UIBarButtonItem+TKCategory.m */,
				27D6B86C181EA7580001C6FE /* UIButton+TKCategory.h */,
				27D6B86D181EA7580001C6FE /* UIButton+TKCategory.m */,
				27D6B86E181EA7580001C6FE /* UIColor+TKCategory.h */,
				27D6B86F181EA7580001C6FE /* UIColor+TKCategory.m */,
				27D6B870181EA7580001C6FE /* UIDevice+TKCategory.h */,
				27D6B871181EA7580001C6FE /* UIDevice+TKCategory.m */,
				27D6B872181EA7580001C6FE /* UIFont+TKCategory.h */,
				27D6B873181EA7580001C6FE /* UIFont+TKCategory.m */,
				27D6B874181EA7580001C6FE /* UIGestureRecognizer+TKCategory.h */,
				27D6B875181EA7580001C6FE /* UIGestureRecognizer+TKCategory.m */,
				27D6B876181EA7580001C6FE /* UIImage+TKCategory.h */,
				27D6B877181EA7580001C6FE /* UIImage+TKCategory.m */,
				27D6B878181EA7580001C6FE /* UIImagePickerController+TKCategory.h */,
				27D6B879181EA7580001C6FE /* UIImagePickerController+TKCategory.m */,
				27D6B87A181EA7580001C6FE /* UIImageView+TKCategory.h */,
				27D6B87B181EA7580001C6FE /* UIImageView+TKCategory.m */,
				27D6B87C181EA7580001C6FE /* UIScreen+TKCategory.h */,
				27D6B87D181EA7580001C6FE /* UIScreen+TKCategory.m */,
				27D6B87E181EA7580001C6FE /* UIScrollview+TKCategory.h */,
				27D6B87F181EA7580001C6FE /* UIScrollview+TKCategory.m */,
				27D6B880181EA7580001C6FE /* UITextField+TKCategory.h */,
				27D6B881181EA7580001C6FE /* UITextField+TKCategory.m */,
				27D6B882181EA7580001C6FE /* UIView+TKCategory.h */,
				27D6B883181EA7580001C6FE /* UIView+TKCategory.m */,
				27D6B884181EA7580001C6FE /* UIViewController+TKCategory.h */,
				27D6B885181EA7580001C6FE /* UIViewController+TKCategory.m */,
			);
			path = TapkuLibrary;
			sourceTree = "<group>";
		};
		27D6B888181EA7580001C6FE /* Products */ = {
			isa = PBXGroup;
			children = (
				27D6B8DD181EA7580001C6FE /* libTapkuLibrary.a */,
				27D6B8DF181EA7580001C6FE /* LogicTests.octest */,
			);
			name = Products;
			sourceTree = "<group>";
		};
		27D6B88B181EA7580001C6FE /* Tests */ = {
			isa = PBXGroup;
			children = (
				27D6B88C181EA7580001C6FE /* FoundationTests.h */,
				27D6B88D181EA7580001C6FE /* FoundationTests.m */,
				27D6B88E181EA7580001C6FE /* NSArrayTests.h */,
				27D6B88F181EA7580001C6FE /* NSArrayTests.m */,
				27D6B890181EA7580001C6FE /* NSStringTests.h */,
				27D6B891181EA7580001C6FE /* NSStringTests.m */,
				27D6B892181EA7580001C6FE /* UIViewTests.h */,
				27D6B893181EA7580001C6FE /* UIViewTests.m */,
			);
			path = Tests;
			sourceTree = "<group>";
		};
/* End PBXGroup section */

/* Begin PBXNativeTarget section */
		27D6B7C9181E9D340001C6FE /* PXLate */ = {
			isa = PBXNativeTarget;
			buildConfigurationList = 27D6B7FC181E9D350001C6FE /* Build configuration list for PBXNativeTarget "PXLate" */;
			buildPhases = (
				27D6B7C6181E9D340001C6FE /* Sources */,
				27D6B7C7181E9D340001C6FE /* Frameworks */,
				27D6B7C8181E9D340001C6FE /* Resources */,
>>>>>>> 971db05b86c6f712d9368f4ff9d409d1b65fb39c
			);
			buildRules = (
			);
			dependencies = (
			);
			name = PXLate;
			productName = PXLate;
<<<<<<< HEAD
			productReference = 703D8BA018180F3F004432CF /* PXLate.app */;
			productType = "com.apple.product-type.application";
		};
		703D8BC318180F40004432CF /* PXLateTests */ = {
			isa = PBXNativeTarget;
			buildConfigurationList = 703D8BD818180F40004432CF /* Build configuration list for PBXNativeTarget "PXLateTests" */;
			buildPhases = (
				703D8BC018180F40004432CF /* Sources */,
				703D8BC118180F40004432CF /* Frameworks */,
				703D8BC218180F40004432CF /* Resources */,
=======
			productReference = 27D6B7CA181E9D340001C6FE /* PXLate.app */;
			productType = "com.apple.product-type.application";
		};
		27D6B7EA181E9D350001C6FE /* PXLateTests */ = {
			isa = PBXNativeTarget;
			buildConfigurationList = 27D6B7FF181E9D350001C6FE /* Build configuration list for PBXNativeTarget "PXLateTests" */;
			buildPhases = (
				27D6B7E7181E9D350001C6FE /* Sources */,
				27D6B7E8181E9D350001C6FE /* Frameworks */,
				27D6B7E9181E9D350001C6FE /* Resources */,
>>>>>>> 971db05b86c6f712d9368f4ff9d409d1b65fb39c
			);
			buildRules = (
			);
			dependencies = (
<<<<<<< HEAD
				703D8BCA18180F40004432CF /* PBXTargetDependency */,
			);
			name = PXLateTests;
			productName = PXLateTests;
			productReference = 703D8BC418180F40004432CF /* PXLateTests.xctest */;
=======
				27D6B7F1181E9D350001C6FE /* PBXTargetDependency */,
			);
			name = PXLateTests;
			productName = PXLateTests;
			productReference = 27D6B7EB181E9D350001C6FE /* PXLateTests.xctest */;
>>>>>>> 971db05b86c6f712d9368f4ff9d409d1b65fb39c
			productType = "com.apple.product-type.bundle.unit-test";
		};
/* End PBXNativeTarget section */

/* Begin PBXProject section */
<<<<<<< HEAD
		703D8B9818180F3E004432CF /* Project object */ = {
			isa = PBXProject;
			attributes = {
				LastUpgradeCheck = 0500;
				ORGANIZATIONNAME = Tycha;
				TargetAttributes = {
					703D8BC318180F40004432CF = {
						TestTargetID = 703D8B9F18180F3E004432CF;
					};
				};
			};
			buildConfigurationList = 703D8B9B18180F3E004432CF /* Build configuration list for PBXProject "PXLate" */;
=======
		27D6B7C2181E9D340001C6FE /* Project object */ = {
			isa = PBXProject;
			attributes = {
				LastUpgradeCheck = 0500;
				ORGANIZATIONNAME = Aon;
				TargetAttributes = {
					27D6B7EA181E9D350001C6FE = {
						TestTargetID = 27D6B7C9181E9D340001C6FE;
					};
				};
			};
			buildConfigurationList = 27D6B7C5181E9D340001C6FE /* Build configuration list for PBXProject "PXLate" */;
>>>>>>> 971db05b86c6f712d9368f4ff9d409d1b65fb39c
			compatibilityVersion = "Xcode 3.2";
			developmentRegion = English;
			hasScannedForEncodings = 0;
			knownRegions = (
				en,
				Base,
			);
<<<<<<< HEAD
			mainGroup = 703D8B9718180F3E004432CF;
			productRefGroup = 703D8BA118180F3F004432CF /* Products */;
			projectDirPath = "";
			projectRoot = "";
			targets = (
				703D8B9F18180F3E004432CF /* PXLate */,
				703D8BC318180F40004432CF /* PXLateTests */,
=======
			mainGroup = 27D6B7C1181E9D340001C6FE;
			productRefGroup = 27D6B7CB181E9D340001C6FE /* Products */;
			projectDirPath = "";
			projectReferences = (
				{
					ProductGroup = 27D6B888181EA7580001C6FE /* Products */;
					ProjectRef = 27D6B887181EA7580001C6FE /* TapkuLibrary.xcodeproj */;
				},
			);
			projectRoot = "";
			targets = (
				27D6B7C9181E9D340001C6FE /* PXLate */,
				27D6B7EA181E9D350001C6FE /* PXLateTests */,
>>>>>>> 971db05b86c6f712d9368f4ff9d409d1b65fb39c
			);
		};
/* End PBXProject section */

<<<<<<< HEAD
/* Begin PBXResourcesBuildPhase section */
		703D8B9E18180F3E004432CF /* Resources */ = {
			isa = PBXResourcesBuildPhase;
			buildActionMask = 2147483647;
			files = (
				703D8BBF18180F3F004432CF /* Images.xcassets in Resources */,
				703D8BAE18180F3F004432CF /* InfoPlist.strings in Resources */,
				703D8BB718180F3F004432CF /* Main.storyboard in Resources */,
			);
			runOnlyForDeploymentPostprocessing = 0;
		};
		703D8BC218180F40004432CF /* Resources */ = {
			isa = PBXResourcesBuildPhase;
			buildActionMask = 2147483647;
			files = (
				703D8BD018180F40004432CF /* InfoPlist.strings in Resources */,
=======
/* Begin PBXReferenceProxy section */
		27D6B8DD181EA7580001C6FE /* libTapkuLibrary.a */ = {
			isa = PBXReferenceProxy;
			fileType = archive.ar;
			path = libTapkuLibrary.a;
			remoteRef = 27D6B8DC181EA7580001C6FE /* PBXContainerItemProxy */;
			sourceTree = BUILT_PRODUCTS_DIR;
		};
		27D6B8DF181EA7580001C6FE /* LogicTests.octest */ = {
			isa = PBXReferenceProxy;
			fileType = wrapper.cfbundle;
			path = LogicTests.octest;
			remoteRef = 27D6B8DE181EA7580001C6FE /* PBXContainerItemProxy */;
			sourceTree = BUILT_PRODUCTS_DIR;
		};
/* End PBXReferenceProxy section */

/* Begin PBXResourcesBuildPhase section */
		27D6B7C8181E9D340001C6FE /* Resources */ = {
			isa = PBXResourcesBuildPhase;
			buildActionMask = 2147483647;
			files = (
				27D6B7E6181E9D350001C6FE /* Images.xcassets in Resources */,
				27D6B895181EA7580001C6FE /* LogicTests-Info.plist in Resources */,
				27D6B8D5181EA7580001C6FE /* TapkuLibrary.bundle in Resources */,
				27D6B7D8181E9D350001C6FE /* InfoPlist.strings in Resources */,
				27D6B7E1181E9D350001C6FE /* Main.storyboard in Resources */,
			);
			runOnlyForDeploymentPostprocessing = 0;
		};
		27D6B7E9181E9D350001C6FE /* Resources */ = {
			isa = PBXResourcesBuildPhase;
			buildActionMask = 2147483647;
			files = (
				27D6B7F7181E9D350001C6FE /* InfoPlist.strings in Resources */,
>>>>>>> 971db05b86c6f712d9368f4ff9d409d1b65fb39c
			);
			runOnlyForDeploymentPostprocessing = 0;
		};
/* End PBXResourcesBuildPhase section */

/* Begin PBXSourcesBuildPhase section */
<<<<<<< HEAD
		703D8B9C18180F3E004432CF /* Sources */ = {
			isa = PBXSourcesBuildPhase;
			buildActionMask = 2147483647;
			files = (
				703D8BBD18180F3F004432CF /* SecondViewController.m in Sources */,
				703D8BB418180F3F004432CF /* AppDelegate.m in Sources */,
				703D8BBA18180F3F004432CF /* FirstViewController.m in Sources */,
				703D8BB018180F3F004432CF /* main.m in Sources */,
			);
			runOnlyForDeploymentPostprocessing = 0;
		};
		703D8BC018180F40004432CF /* Sources */ = {
			isa = PBXSourcesBuildPhase;
			buildActionMask = 2147483647;
			files = (
				703D8BD218180F40004432CF /* PXLateTests.m in Sources */,
=======
		27D6B7C6181E9D340001C6FE /* Sources */ = {
			isa = PBXSourcesBuildPhase;
			buildActionMask = 2147483647;
			files = (
				27D6B8A6181EA7580001C6FE /* TKEmptyView.m in Sources */,
				27D6B8CB181EA7580001C6FE /* UIFont+TKCategory.m in Sources */,
				27D6B8D4181EA7580001C6FE /* UIViewController+TKCategory.m in Sources */,
				27D6B8BC181EA7580001C6FE /* TKSwitchCell.m in Sources */,
				27D6B8C4181EA7580001C6FE /* TKWindow.m in Sources */,
				27D6B8D1181EA7580001C6FE /* UIScrollview+TKCategory.m in Sources */,
				27D6B8B8181EA7580001C6FE /* TKRetroButton.m in Sources */,
				27D6B89B181EA7580001C6FE /* NSString+TKCategory.m in Sources */,
				27D6B89D181EA7580001C6FE /* TKAppDelegate.m in Sources */,
				27D6B8C8181EA7580001C6FE /* UIButton+TKCategory.m in Sources */,
				27D6B8B0181EA7580001C6FE /* TKLabelTextFieldCell.m in Sources */,
				27D6B899181EA7580001C6FE /* NSMutableArray+TKCategory.m in Sources */,
				27D6B8CC181EA7580001C6FE /* UIGestureRecognizer+TKCategory.m in Sources */,
				27D6B8D2181EA7580001C6FE /* UITextField+TKCategory.m in Sources */,
				27D6B89F181EA7580001C6FE /* TKCalendarDayEventView.m in Sources */,
				27D6B8D8181EA7580001C6FE /* NSStringTests.m in Sources */,
				27D6B8C3181EA7580001C6FE /* TKWebViewController.m in Sources */,
				27D6B8BE181EA7580001C6FE /* TKTableViewController.m in Sources */,
				27D6B7E4181E9D350001C6FE /* ViewController.m in Sources */,
				27D6B8B4181EA7580001C6FE /* TKProgressAlertView.m in Sources */,
				27D6B8C6181EA7580001C6FE /* UIAlertView+TKCategory.m in Sources */,
				27D6B7DE181E9D350001C6FE /* AppDelegate.m in Sources */,
				27D6B8CA181EA7580001C6FE /* UIDevice+TKCategory.m in Sources */,
				27D6B8AB181EA7580001C6FE /* TKImageCache.m in Sources */,
				27D6B8B9181EA7580001C6FE /* TKShapeView.m in Sources */,
				27D6B8D3181EA7580001C6FE /* UIView+TKCategory.m in Sources */,
				27D6B8B5181EA7580001C6FE /* TKProgressBarView.m in Sources */,
				27D6B8BD181EA7580001C6FE /* TKTableViewCell.m in Sources */,
				27D6B8C9181EA7580001C6FE /* UIColor+TKCategory.m in Sources */,
				27D6B8D0181EA7580001C6FE /* UIScreen+TKCategory.m in Sources */,
				27D6B8B3181EA7580001C6FE /* TKNetworkQueue.m in Sources */,
				27D6B8B6181EA7580001C6FE /* TKProgressCircleView.m in Sources */,
				27D6B898181EA7580001C6FE /* NSDate+TKCategory.m in Sources */,
				27D6B89E181EA7580001C6FE /* TKButtonCell.m in Sources */,
				27D6B8B2181EA7580001C6FE /* TKLoadingView.m in Sources */,
				27D6B896181EA7580001C6FE /* NSArray+TKCategory.m in Sources */,
				27D6B8AD181EA7580001C6FE /* TKLabelCell.m in Sources */,
				27D6B8D9181EA7580001C6FE /* UIViewTests.m in Sources */,
				27D6B7DA181E9D350001C6FE /* main.m in Sources */,
				27D6B8CE181EA7580001C6FE /* UIImagePickerController+TKCategory.m in Sources */,
				27D6B8BF181EA7580001C6FE /* TKTextFieldCell.m in Sources */,
				27D6B8A9181EA7580001C6FE /* TKGradientView.m in Sources */,
				27D6B8B1181EA7580001C6FE /* TKLabelTextViewCell.m in Sources */,
				27D6B8A8181EA7580001C6FE /* TKGlowButton.m in Sources */,
				27D6B8CF181EA7580001C6FE /* UIImageView+TKCategory.m in Sources */,
				27D6B8BB181EA7580001C6FE /* TKSlideToUnlockView.m in Sources */,
				27D6B8B7181EA7580001C6FE /* TKReorderTableView.m in Sources */,
				27D6B89C181EA7580001C6FE /* TKAlertCenter.m in Sources */,
				27D6B897181EA7580001C6FE /* NSDate+CalendarGrid.m in Sources */,
				27D6B8AE181EA7580001C6FE /* TKLabelFieldCell.m in Sources */,
				27D6B89A181EA7580001C6FE /* NSObject+TKCategory.m in Sources */,
				27D6B8BA181EA7580001C6FE /* TKShimmerLabel.m in Sources */,
				27D6B8D6181EA7580001C6FE /* FoundationTests.m in Sources */,
				27D6B8A5181EA7580001C6FE /* TKCoverflowView.m in Sources */,
				27D6B8CD181EA7580001C6FE /* UIImage+TKCategory.m in Sources */,
				27D6B8A2181EA7580001C6FE /* TKCalendarMonthTableViewController.m in Sources */,
				27D6B8A0181EA7580001C6FE /* TKCalendarDayView.m in Sources */,
				27D6B8C0181EA7580001C6FE /* TKTextView.m in Sources */,
				27D6B8A1181EA7580001C6FE /* TKCalendarDayViewController.m in Sources */,
				27D6B8C7181EA7580001C6FE /* UIBarButtonItem+TKCategory.m in Sources */,
				27D6B8C5181EA7580001C6FE /* UIActionSheet+TKCategory.m in Sources */,
				27D6B8A3181EA7580001C6FE /* TKCalendarMonthView.m in Sources */,
				27D6B8A7181EA7580001C6FE /* TKGlobal.m in Sources */,
				27D6B8C1181EA7580001C6FE /* TKTextViewCell.m in Sources */,
				27D6B8D7181EA7580001C6FE /* NSArrayTests.m in Sources */,
				27D6B8AA181EA7580001C6FE /* TKHTTPRequest.m in Sources */,
				27D6B8AC181EA7580001C6FE /* TKKeyboardTableViewController.m in Sources */,
				27D6B8C2181EA7580001C6FE /* TKViewController.m in Sources */,
				27D6B894181EA7580001C6FE /* DataTests.m in Sources */,
				27D6B8A4181EA7580001C6FE /* TKCalendarMonthViewController.m in Sources */,
				27D6B8AF181EA7580001C6FE /* TKLabelSwitchCell.m in Sources */,
			);
			runOnlyForDeploymentPostprocessing = 0;
		};
		27D6B7E7181E9D350001C6FE /* Sources */ = {
			isa = PBXSourcesBuildPhase;
			buildActionMask = 2147483647;
			files = (
				27D6B7F9181E9D350001C6FE /* PXLateTests.m in Sources */,
>>>>>>> 971db05b86c6f712d9368f4ff9d409d1b65fb39c
			);
			runOnlyForDeploymentPostprocessing = 0;
		};
/* End PBXSourcesBuildPhase section */

/* Begin PBXTargetDependency section */
<<<<<<< HEAD
		703D8BCA18180F40004432CF /* PBXTargetDependency */ = {
			isa = PBXTargetDependency;
			target = 703D8B9F18180F3E004432CF /* PXLate */;
			targetProxy = 703D8BC918180F40004432CF /* PBXContainerItemProxy */;
=======
		27D6B7F1181E9D350001C6FE /* PBXTargetDependency */ = {
			isa = PBXTargetDependency;
			target = 27D6B7C9181E9D340001C6FE /* PXLate */;
			targetProxy = 27D6B7F0181E9D350001C6FE /* PBXContainerItemProxy */;
>>>>>>> 971db05b86c6f712d9368f4ff9d409d1b65fb39c
		};
/* End PBXTargetDependency section */

/* Begin PBXVariantGroup section */
<<<<<<< HEAD
		703D8BAC18180F3F004432CF /* InfoPlist.strings */ = {
			isa = PBXVariantGroup;
			children = (
				703D8BAD18180F3F004432CF /* en */,
=======
		27D6B7D6181E9D350001C6FE /* InfoPlist.strings */ = {
			isa = PBXVariantGroup;
			children = (
				27D6B7D7181E9D350001C6FE /* en */,
>>>>>>> 971db05b86c6f712d9368f4ff9d409d1b65fb39c
			);
			name = InfoPlist.strings;
			sourceTree = "<group>";
		};
<<<<<<< HEAD
		703D8BB518180F3F004432CF /* Main.storyboard */ = {
			isa = PBXVariantGroup;
			children = (
				703D8BB618180F3F004432CF /* Base */,
=======
		27D6B7DF181E9D350001C6FE /* Main.storyboard */ = {
			isa = PBXVariantGroup;
			children = (
				27D6B7E0181E9D350001C6FE /* Base */,
>>>>>>> 971db05b86c6f712d9368f4ff9d409d1b65fb39c
			);
			name = Main.storyboard;
			sourceTree = "<group>";
		};
<<<<<<< HEAD
		703D8BCE18180F40004432CF /* InfoPlist.strings */ = {
			isa = PBXVariantGroup;
			children = (
				703D8BCF18180F40004432CF /* en */,
=======
		27D6B7F5181E9D350001C6FE /* InfoPlist.strings */ = {
			isa = PBXVariantGroup;
			children = (
				27D6B7F6181E9D350001C6FE /* en */,
>>>>>>> 971db05b86c6f712d9368f4ff9d409d1b65fb39c
			);
			name = InfoPlist.strings;
			sourceTree = "<group>";
		};
/* End PBXVariantGroup section */

/* Begin XCBuildConfiguration section */
<<<<<<< HEAD
		703D8BD318180F40004432CF /* Debug */ = {
=======
		27D6B7FA181E9D350001C6FE /* Debug */ = {
>>>>>>> 971db05b86c6f712d9368f4ff9d409d1b65fb39c
			isa = XCBuildConfiguration;
			buildSettings = {
				ALWAYS_SEARCH_USER_PATHS = NO;
				ARCHS = "$(ARCHS_STANDARD_INCLUDING_64_BIT)";
				CLANG_CXX_LANGUAGE_STANDARD = "gnu++0x";
				CLANG_CXX_LIBRARY = "libc++";
				CLANG_ENABLE_MODULES = YES;
				CLANG_ENABLE_OBJC_ARC = YES;
				CLANG_WARN_BOOL_CONVERSION = YES;
				CLANG_WARN_CONSTANT_CONVERSION = YES;
				CLANG_WARN_DIRECT_OBJC_ISA_USAGE = YES_ERROR;
				CLANG_WARN_EMPTY_BODY = YES;
				CLANG_WARN_ENUM_CONVERSION = YES;
				CLANG_WARN_INT_CONVERSION = YES;
				CLANG_WARN_OBJC_ROOT_CLASS = YES_ERROR;
				CLANG_WARN__DUPLICATE_METHOD_MATCH = YES;
				"CODE_SIGN_IDENTITY[sdk=iphoneos*]" = "iPhone Developer";
				COPY_PHASE_STRIP = NO;
				GCC_C_LANGUAGE_STANDARD = gnu99;
				GCC_DYNAMIC_NO_PIC = NO;
				GCC_OPTIMIZATION_LEVEL = 0;
				GCC_PREPROCESSOR_DEFINITIONS = (
					"DEBUG=1",
					"$(inherited)",
				);
				GCC_SYMBOLS_PRIVATE_EXTERN = NO;
				GCC_WARN_64_TO_32_BIT_CONVERSION = YES;
				GCC_WARN_ABOUT_RETURN_TYPE = YES_ERROR;
				GCC_WARN_UNDECLARED_SELECTOR = YES;
				GCC_WARN_UNINITIALIZED_AUTOS = YES;
				GCC_WARN_UNUSED_FUNCTION = YES;
				GCC_WARN_UNUSED_VARIABLE = YES;
				IPHONEOS_DEPLOYMENT_TARGET = 7.0;
				ONLY_ACTIVE_ARCH = YES;
				SDKROOT = iphoneos;
			};
			name = Debug;
		};
<<<<<<< HEAD
		703D8BD418180F40004432CF /* Release */ = {
=======
		27D6B7FB181E9D350001C6FE /* Release */ = {
>>>>>>> 971db05b86c6f712d9368f4ff9d409d1b65fb39c
			isa = XCBuildConfiguration;
			buildSettings = {
				ALWAYS_SEARCH_USER_PATHS = NO;
				ARCHS = "$(ARCHS_STANDARD_INCLUDING_64_BIT)";
				CLANG_CXX_LANGUAGE_STANDARD = "gnu++0x";
				CLANG_CXX_LIBRARY = "libc++";
				CLANG_ENABLE_MODULES = YES;
				CLANG_ENABLE_OBJC_ARC = YES;
				CLANG_WARN_BOOL_CONVERSION = YES;
				CLANG_WARN_CONSTANT_CONVERSION = YES;
				CLANG_WARN_DIRECT_OBJC_ISA_USAGE = YES_ERROR;
				CLANG_WARN_EMPTY_BODY = YES;
				CLANG_WARN_ENUM_CONVERSION = YES;
				CLANG_WARN_INT_CONVERSION = YES;
				CLANG_WARN_OBJC_ROOT_CLASS = YES_ERROR;
				CLANG_WARN__DUPLICATE_METHOD_MATCH = YES;
				"CODE_SIGN_IDENTITY[sdk=iphoneos*]" = "iPhone Developer";
				COPY_PHASE_STRIP = YES;
				ENABLE_NS_ASSERTIONS = NO;
				GCC_C_LANGUAGE_STANDARD = gnu99;
				GCC_WARN_64_TO_32_BIT_CONVERSION = YES;
				GCC_WARN_ABOUT_RETURN_TYPE = YES_ERROR;
				GCC_WARN_UNDECLARED_SELECTOR = YES;
				GCC_WARN_UNINITIALIZED_AUTOS = YES;
				GCC_WARN_UNUSED_FUNCTION = YES;
				GCC_WARN_UNUSED_VARIABLE = YES;
				IPHONEOS_DEPLOYMENT_TARGET = 7.0;
				SDKROOT = iphoneos;
				VALIDATE_PRODUCT = YES;
			};
			name = Release;
		};
<<<<<<< HEAD
		703D8BD618180F40004432CF /* Debug */ = {
=======
		27D6B7FD181E9D350001C6FE /* Debug */ = {
>>>>>>> 971db05b86c6f712d9368f4ff9d409d1b65fb39c
			isa = XCBuildConfiguration;
			buildSettings = {
				ASSETCATALOG_COMPILER_APPICON_NAME = AppIcon;
				ASSETCATALOG_COMPILER_LAUNCHIMAGE_NAME = LaunchImage;
				GCC_PRECOMPILE_PREFIX_HEADER = YES;
				GCC_PREFIX_HEADER = "PXLate/PXLate-Prefix.pch";
				INFOPLIST_FILE = "PXLate/PXLate-Info.plist";
				PRODUCT_NAME = "$(TARGET_NAME)";
				WRAPPER_EXTENSION = app;
			};
			name = Debug;
		};
<<<<<<< HEAD
		703D8BD718180F40004432CF /* Release */ = {
=======
		27D6B7FE181E9D350001C6FE /* Release */ = {
>>>>>>> 971db05b86c6f712d9368f4ff9d409d1b65fb39c
			isa = XCBuildConfiguration;
			buildSettings = {
				ASSETCATALOG_COMPILER_APPICON_NAME = AppIcon;
				ASSETCATALOG_COMPILER_LAUNCHIMAGE_NAME = LaunchImage;
				GCC_PRECOMPILE_PREFIX_HEADER = YES;
				GCC_PREFIX_HEADER = "PXLate/PXLate-Prefix.pch";
				INFOPLIST_FILE = "PXLate/PXLate-Info.plist";
				PRODUCT_NAME = "$(TARGET_NAME)";
				WRAPPER_EXTENSION = app;
			};
			name = Release;
		};
<<<<<<< HEAD
		703D8BD918180F40004432CF /* Debug */ = {
=======
		27D6B800181E9D350001C6FE /* Debug */ = {
>>>>>>> 971db05b86c6f712d9368f4ff9d409d1b65fb39c
			isa = XCBuildConfiguration;
			buildSettings = {
				ARCHS = "$(ARCHS_STANDARD_INCLUDING_64_BIT)";
				BUNDLE_LOADER = "$(BUILT_PRODUCTS_DIR)/PXLate.app/PXLate";
				FRAMEWORK_SEARCH_PATHS = (
					"$(SDKROOT)/Developer/Library/Frameworks",
					"$(inherited)",
					"$(DEVELOPER_FRAMEWORKS_DIR)",
				);
				GCC_PRECOMPILE_PREFIX_HEADER = YES;
				GCC_PREFIX_HEADER = "PXLate/PXLate-Prefix.pch";
				GCC_PREPROCESSOR_DEFINITIONS = (
					"DEBUG=1",
					"$(inherited)",
				);
				INFOPLIST_FILE = "PXLateTests/PXLateTests-Info.plist";
				PRODUCT_NAME = "$(TARGET_NAME)";
				TEST_HOST = "$(BUNDLE_LOADER)";
				WRAPPER_EXTENSION = xctest;
			};
			name = Debug;
		};
<<<<<<< HEAD
		703D8BDA18180F40004432CF /* Release */ = {
=======
		27D6B801181E9D350001C6FE /* Release */ = {
>>>>>>> 971db05b86c6f712d9368f4ff9d409d1b65fb39c
			isa = XCBuildConfiguration;
			buildSettings = {
				ARCHS = "$(ARCHS_STANDARD_INCLUDING_64_BIT)";
				BUNDLE_LOADER = "$(BUILT_PRODUCTS_DIR)/PXLate.app/PXLate";
				FRAMEWORK_SEARCH_PATHS = (
					"$(SDKROOT)/Developer/Library/Frameworks",
					"$(inherited)",
					"$(DEVELOPER_FRAMEWORKS_DIR)",
				);
				GCC_PRECOMPILE_PREFIX_HEADER = YES;
				GCC_PREFIX_HEADER = "PXLate/PXLate-Prefix.pch";
				INFOPLIST_FILE = "PXLateTests/PXLateTests-Info.plist";
				PRODUCT_NAME = "$(TARGET_NAME)";
				TEST_HOST = "$(BUNDLE_LOADER)";
				WRAPPER_EXTENSION = xctest;
			};
			name = Release;
		};
/* End XCBuildConfiguration section */

/* Begin XCConfigurationList section */
<<<<<<< HEAD
		703D8B9B18180F3E004432CF /* Build configuration list for PBXProject "PXLate" */ = {
			isa = XCConfigurationList;
			buildConfigurations = (
				703D8BD318180F40004432CF /* Debug */,
				703D8BD418180F40004432CF /* Release */,
=======
		27D6B7C5181E9D340001C6FE /* Build configuration list for PBXProject "PXLate" */ = {
			isa = XCConfigurationList;
			buildConfigurations = (
				27D6B7FA181E9D350001C6FE /* Debug */,
				27D6B7FB181E9D350001C6FE /* Release */,
>>>>>>> 971db05b86c6f712d9368f4ff9d409d1b65fb39c
			);
			defaultConfigurationIsVisible = 0;
			defaultConfigurationName = Release;
		};
<<<<<<< HEAD
		703D8BD518180F40004432CF /* Build configuration list for PBXNativeTarget "PXLate" */ = {
			isa = XCConfigurationList;
			buildConfigurations = (
				703D8BD618180F40004432CF /* Debug */,
				703D8BD718180F40004432CF /* Release */,
			);
			defaultConfigurationIsVisible = 0;
		};
		703D8BD818180F40004432CF /* Build configuration list for PBXNativeTarget "PXLateTests" */ = {
			isa = XCConfigurationList;
			buildConfigurations = (
				703D8BD918180F40004432CF /* Debug */,
				703D8BDA18180F40004432CF /* Release */,
			);
			defaultConfigurationIsVisible = 0;
		};
/* End XCConfigurationList section */
	};
	rootObject = 703D8B9818180F3E004432CF /* Project object */;
=======
		27D6B7FC181E9D350001C6FE /* Build configuration list for PBXNativeTarget "PXLate" */ = {
			isa = XCConfigurationList;
			buildConfigurations = (
				27D6B7FD181E9D350001C6FE /* Debug */,
				27D6B7FE181E9D350001C6FE /* Release */,
			);
			defaultConfigurationIsVisible = 0;
			defaultConfigurationName = Release;
		};
		27D6B7FF181E9D350001C6FE /* Build configuration list for PBXNativeTarget "PXLateTests" */ = {
			isa = XCConfigurationList;
			buildConfigurations = (
				27D6B800181E9D350001C6FE /* Debug */,
				27D6B801181E9D350001C6FE /* Release */,
			);
			defaultConfigurationIsVisible = 0;
			defaultConfigurationName = Release;
		};
/* End XCConfigurationList section */
	};
	rootObject = 27D6B7C2181E9D340001C6FE /* Project object */;
>>>>>>> 971db05b86c6f712d9368f4ff9d409d1b65fb39c
}
